// !$*UTF8*$!
{
	archiveVersion = 1;
	classes = {
	};
	objectVersion = 50;
	objects = {

/* Begin PBXBuildFile section */
		6DADAD5F23A22C3F00C5FD62 /* AppDelegate.swift in Sources */ = {isa = PBXBuildFile; fileRef = 6DADAD5E23A22C3F00C5FD62 /* AppDelegate.swift */; };
		6DADAD6123A22C3F00C5FD62 /* SceneDelegate.swift in Sources */ = {isa = PBXBuildFile; fileRef = 6DADAD6023A22C3F00C5FD62 /* SceneDelegate.swift */; };
		6DADAD6323A22C3F00C5FD62 /* ViewController.swift in Sources */ = {isa = PBXBuildFile; fileRef = 6DADAD6223A22C3F00C5FD62 /* ViewController.swift */; };
		6DADAD6623A22C3F00C5FD62 /* Main.storyboard in Resources */ = {isa = PBXBuildFile; fileRef = 6DADAD6423A22C3F00C5FD62 /* Main.storyboard */; };
		6DADAD6823A22C4200C5FD62 /* Assets.xcassets in Resources */ = {isa = PBXBuildFile; fileRef = 6DADAD6723A22C4200C5FD62 /* Assets.xcassets */; };
		6DADAD6B23A22C4200C5FD62 /* LaunchScreen.storyboard in Resources */ = {isa = PBXBuildFile; fileRef = 6DADAD6923A22C4200C5FD62 /* LaunchScreen.storyboard */; };
		6DADAD7423A2319900C5FD62 /* MapKit.framework in Frameworks */ = {isa = PBXBuildFile; fileRef = 6DADAD7323A2319900C5FD62 /* MapKit.framework */; };
		6DADAD7623A23EBC00C5FD62 /* MLocationManager.swift in Sources */ = {isa = PBXBuildFile; fileRef = 6DADAD7523A23EBC00C5FD62 /* MLocationManager.swift */; };
/* End PBXBuildFile section */

/* Begin PBXFileReference section */
		6DADAD5B23A22C3F00C5FD62 /* Lec17Part1.app */ = {isa = PBXFileReference; explicitFileType = wrapper.application; includeInIndex = 0; path = Lec17Part1.app; sourceTree = BUILT_PRODUCTS_DIR; };
		6DADAD5E23A22C3F00C5FD62 /* AppDelegate.swift */ = {isa = PBXFileReference; lastKnownFileType = sourcecode.swift; path = AppDelegate.swift; sourceTree = "<group>"; };
		6DADAD6023A22C3F00C5FD62 /* SceneDelegate.swift */ = {isa = PBXFileReference; lastKnownFileType = sourcecode.swift; path = SceneDelegate.swift; sourceTree = "<group>"; };
		6DADAD6223A22C3F00C5FD62 /* ViewController.swift */ = {isa = PBXFileReference; lastKnownFileType = sourcecode.swift; path = ViewController.swift; sourceTree = "<group>"; };
		6DADAD6523A22C3F00C5FD62 /* Base */ = {isa = PBXFileReference; lastKnownFileType = file.storyboard; name = Base; path = Base.lproj/Main.storyboard; sourceTree = "<group>"; };
		6DADAD6723A22C4200C5FD62 /* Assets.xcassets */ = {isa = PBXFileReference; lastKnownFileType = folder.assetcatalog; path = Assets.xcassets; sourceTree = "<group>"; };
		6DADAD6A23A22C4200C5FD62 /* Base */ = {isa = PBXFileReference; lastKnownFileType = file.storyboard; name = Base; path = Base.lproj/LaunchScreen.storyboard; sourceTree = "<group>"; };
		6DADAD6C23A22C4200C5FD62 /* Info.plist */ = {isa = PBXFileReference; lastKnownFileType = text.plist.xml; path = Info.plist; sourceTree = "<group>"; };
		6DADAD7323A2319900C5FD62 /* MapKit.framework */ = {isa = PBXFileReference; lastKnownFileType = wrapper.framework; name = MapKit.framework; path = System/Library/Frameworks/MapKit.framework; sourceTree = SDKROOT; };
		6DADAD7523A23EBC00C5FD62 /* MLocationManager.swift */ = {isa = PBXFileReference; lastKnownFileType = sourcecode.swift; path = MLocationManager.swift; sourceTree = "<group>"; };
		6DADAD7723A24CA800C5FD62 /* HackeruRun.gpx */ = {isa = PBXFileReference; lastKnownFileType = text.xml; path = HackeruRun.gpx; sourceTree = "<group>"; };
/* End PBXFileReference section */

/* Begin PBXFrameworksBuildPhase section */
		6DADAD5823A22C3F00C5FD62 /* Frameworks */ = {
			isa = PBXFrameworksBuildPhase;
			buildActionMask = 2147483647;
			files = (
				6DADAD7423A2319900C5FD62 /* MapKit.framework in Frameworks */,
			);
			runOnlyForDeploymentPostprocessing = 0;
		};
/* End PBXFrameworksBuildPhase section */

/* Begin PBXGroup section */
		6DADAD5223A22C3F00C5FD62 = {
			isa = PBXGroup;
			children = (
				6DADAD5D23A22C3F00C5FD62 /* Lec17Part1 */,
				6DADAD5C23A22C3F00C5FD62 /* Products */,
				6DADAD7223A2319900C5FD62 /* Frameworks */,
			);
			sourceTree = "<group>";
		};
		6DADAD5C23A22C3F00C5FD62 /* Products */ = {
			isa = PBXGroup;
			children = (
				6DADAD5B23A22C3F00C5FD62 /* Lec17Part1.app */,
			);
			name = Products;
			sourceTree = "<group>";
		};
		6DADAD5D23A22C3F00C5FD62 /* Lec17Part1 */ = {
			isa = PBXGroup;
			children = (
				6DADAD5E23A22C3F00C5FD62 /* AppDelegate.swift */,
				6DADAD6023A22C3F00C5FD62 /* SceneDelegate.swift */,
				6DADAD6223A22C3F00C5FD62 /* ViewController.swift */,
				6DADAD6423A22C3F00C5FD62 /* Main.storyboard */,
				6DADAD6723A22C4200C5FD62 /* Assets.xcassets */,
				6DADAD6923A22C4200C5FD62 /* LaunchScreen.storyboard */,
				6DADAD6C23A22C4200C5FD62 /* Info.plist */,
				6DADAD7523A23EBC00C5FD62 /* MLocationManager.swift */,
				6DADAD7723A24CA800C5FD62 /* HackeruRun.gpx */,
			);
			path = Lec17Part1;
			sourceTree = "<group>";
		};
		6DADAD7223A2319900C5FD62 /* Frameworks */ = {
			isa = PBXGroup;
			children = (
				6DADAD7323A2319900C5FD62 /* MapKit.framework */,
			);
			name = Frameworks;
			sourceTree = "<group>";
		};
/* End PBXGroup section */

/* Begin PBXNativeTarget section */
		6DADAD5A23A22C3F00C5FD62 /* Lec17Part1 */ = {
			isa = PBXNativeTarget;
			buildConfigurationList = 6DADAD6F23A22C4200C5FD62 /* Build configuration list for PBXNativeTarget "Lec17Part1" */;
			buildPhases = (
				6DADAD5723A22C3F00C5FD62 /* Sources */,
				6DADAD5823A22C3F00C5FD62 /* Frameworks */,
				6DADAD5923A22C3F00C5FD62 /* Resources */,
			);
			buildRules = (
			);
			dependencies = (
			);
			name = Lec17Part1;
			productName = Lec17Part1;
			productReference = 6DADAD5B23A22C3F00C5FD62 /* Lec17Part1.app */;
			productType = "com.apple.product-type.application";
		};
/* End PBXNativeTarget section */

/* Begin PBXProject section */
		6DADAD5323A22C3F00C5FD62 /* Project object */ = {
			isa = PBXProject;
			attributes = {
				LastSwiftUpdateCheck = 1120;
				LastUpgradeCheck = 1120;
				ORGANIZATIONNAME = HACKERU;
				TargetAttributes = {
					6DADAD5A23A22C3F00C5FD62 = {
						CreatedOnToolsVersion = 11.2.1;
					};
				};
			};
			buildConfigurationList = 6DADAD5623A22C3F00C5FD62 /* Build configuration list for PBXProject "Lec17Part1" */;
			compatibilityVersion = "Xcode 9.3";
			developmentRegion = en;
			hasScannedForEncodings = 0;
			knownRegions = (
				en,
				Base,
			);
			mainGroup = 6DADAD5223A22C3F00C5FD62;
			productRefGroup = 6DADAD5C23A22C3F00C5FD62 /* Products */;
			projectDirPath = "";
			projectRoot = "";
			targets = (
				6DADAD5A23A22C3F00C5FD62 /* Lec17Part1 */,
			);
		};
/* End PBXProject section */

/* Begin PBXResourcesBuildPhase section */
		6DADAD5923A22C3F00C5FD62 /* Resources */ = {
			isa = PBXResourcesBuildPhase;
			buildActionMask = 2147483647;
			files = (
				6DADAD6B23A22C4200C5FD62 /* LaunchScreen.storyboard in Resources */,
				6DADAD6823A22C4200C5FD62 /* Assets.xcassets in Resources */,
				6DADAD6623A22C3F00C5FD62 /* Main.storyboard in Resources */,
			);
			runOnlyForDeploymentPostprocessing = 0;
		};
/* End PBXResourcesBuildPhase section */

/* Begin PBXSourcesBuildPhase section */
		6DADAD5723A22C3F00C5FD62 /* Sources */ = {
			isa = PBXSourcesBuildPhase;
			buildActionMask = 2147483647;
			files = (
				6DADAD6323A22C3F00C5FD62 /* ViewController.swift in Sources */,
				6DADAD5F23A22C3F00C5FD62 /* AppDelegate.swift in Sources */,
				6DADAD7623A23EBC00C5FD62 /* MLocationManager.swift in Sources */,
				6DADAD6123A22C3F00C5FD62 /* SceneDelegate.swift in Sources */,
			);
			runOnlyForDeploymentPostprocessing = 0;
		};
/* End PBXSourcesBuildPhase section */

/* Begin PBXVariantGroup section */
		6DADAD6423A22C3F00C5FD62 /* Main.storyboard */ = {
			isa = PBXVariantGroup;
			children = (
				6DADAD6523A22C3F00C5FD62 /* Base */,
			);
			name = Main.storyboard;
			sourceTree = "<group>";
		};
		6DADAD6923A22C4200C5FD62 /* LaunchScreen.storyboard */ = {
			isa = PBXVariantGroup;
			children = (
				6DADAD6A23A22C4200C5FD62 /* Base */,
			);
			name = LaunchScreen.storyboard;
			sourceTree = "<group>";
		};
/* End PBXVariantGroup section */

/* Begin XCBuildConfiguration section */
		6DADAD6D23A22C4200C5FD62 /* Debug */ = {
			isa = XCBuildConfiguration;
			buildSettings = {
				ALWAYS_SEARCH_USER_PATHS = NO;
				CLANG_ANALYZER_NONNULL = YES;
				CLANG_ANALYZER_NUMBER_OBJECT_CONVERSION = YES_AGGRESSIVE;
				CLANG_CXX_LANGUAGE_STANDARD = "gnu++14";
				CLANG_CXX_LIBRARY = "libc++";
				CLANG_ENABLE_MODULES = YES;
				CLANG_ENABLE_OBJC_ARC = YES;
				CLANG_ENABLE_OBJC_WEAK = YES;
				CLANG_WARN_BLOCK_CAPTURE_AUTORELEASING = YES;
				CLANG_WARN_BOOL_CONVERSION = YES;
				CLANG_WARN_COMMA = YES;
				CLANG_WARN_CONSTANT_CONVERSION = YES;
				CLANG_WARN_DEPRECATED_OBJC_IMPLEMENTATIONS = YES;
				CLANG_WARN_DIRECT_OBJC_ISA_USAGE = YES_ERROR;
				CLANG_WARN_DOCUMENTATION_COMMENTS = YES;
				CLANG_WARN_EMPTY_BODY = YES;
				CLANG_WARN_ENUM_CONVERSION = YES;
				CLANG_WARN_INFINITE_RECURSION = YES;
				CLANG_WARN_INT_CONVERSION = YES;
				CLANG_WARN_NON_LITERAL_NULL_CONVERSION = YES;
				CLANG_WARN_OBJC_IMPLICIT_RETAIN_SELF = YES;
				CLANG_WARN_OBJC_LITERAL_CONVERSION = YES;
				CLANG_WARN_OBJC_ROOT_CLASS = YES_ERROR;
				CLANG_WARN_RANGE_LOOP_ANALYSIS = YES;
				CLANG_WARN_STRICT_PROTOTYPES = YES;
				CLANG_WARN_SUSPICIOUS_MOVE = YES;
				CLANG_WARN_UNGUARDED_AVAILABILITY = YES_AGGRESSIVE;
				CLANG_WARN_UNREACHABLE_CODE = YES;
				CLANG_WARN__DUPLICATE_METHOD_MATCH = YES;
				COPY_PHASE_STRIP = NO;
				DEBUG_INFORMATION_FORMAT = dwarf;
				ENABLE_STRICT_OBJC_MSGSEND = YES;
				ENABLE_TESTABILITY = YES;
				GCC_C_LANGUAGE_STANDARD = gnu11;
				GCC_DYNAMIC_NO_PIC = NO;
				GCC_NO_COMMON_BLOCKS = YES;
				GCC_OPTIMIZATION_LEVEL = 0;
				GCC_PREPROCESSOR_DEFINITIONS = (
					"DEBUG=1",
					"$(inherited)",
				);
				GCC_WARN_64_TO_32_BIT_CONVERSION = YES;
				GCC_WARN_ABOUT_RETURN_TYPE = YES_ERROR;
				GCC_WARN_UNDECLARED_SELECTOR = YES;
				GCC_WARN_UNINITIALIZED_AUTOS = YES_AGGRESSIVE;
				GCC_WARN_UNUSED_FUNCTION = YES;
				GCC_WARN_UNUSED_VARIABLE = YES;
				IPHONEOS_DEPLOYMENT_TARGET = 13.2;
				MTL_ENABLE_DEBUG_INFO = INCLUDE_SOURCE;
				MTL_FAST_MATH = YES;
				ONLY_ACTIVE_ARCH = YES;
				SDKROOT = iphoneos;
				SWIFT_ACTIVE_COMPILATION_CONDITIONS = DEBUG;
				SWIFT_OPTIMIZATION_LEVEL = "-Onone";
			};
			name = Debug;
		};
		6DADAD6E23A22C4200C5FD62 /* Release */ = {
			isa = XCBuildConfiguration;
			buildSettings = {
				ALWAYS_SEARCH_USER_PATHS = NO;
				CLANG_ANALYZER_NONNULL = YES;
				CLANG_ANALYZER_NUMBER_OBJECT_CONVERSION = YES_AGGRESSIVE;
				CLANG_CXX_LANGUAGE_STANDARD = "gnu++14";
				CLANG_CXX_LIBRARY = "libc++";
				CLANG_ENABLE_MODULES = YES;
				CLANG_ENABLE_OBJC_ARC = YES;
				CLANG_ENABLE_OBJC_WEAK = YES;
				CLANG_WARN_BLOCK_CAPTURE_AUTORELEASING = YES;
				CLANG_WARN_BOOL_CONVERSION = YES;
				CLANG_WARN_COMMA = YES;
				CLANG_WARN_CONSTANT_CONVERSION = YES;
				CLANG_WARN_DEPRECATED_OBJC_IMPLEMENTATIONS = YES;
				CLANG_WARN_DIRECT_OBJC_ISA_USAGE = YES_ERROR;
				CLANG_WARN_DOCUMENTATION_COMMENTS = YES;
				CLANG_WARN_EMPTY_BODY = YES;
				CLANG_WARN_ENUM_CONVERSION = YES;
				CLANG_WARN_INFINITE_RECURSION = YES;
				CLANG_WARN_INT_CONVERSION = YES;
				CLANG_WARN_NON_LITERAL_NULL_CONVERSION = YES;
				CLANG_WARN_OBJC_IMPLICIT_RETAIN_SELF = YES;
				CLANG_WARN_OBJC_LITERAL_CONVERSION = YES;
				CLANG_WARN_OBJC_ROOT_CLASS = YES_ERROR;
				CLANG_WARN_RANGE_LOOP_ANALYSIS = YES;
				CLANG_WARN_STRICT_PROTOTYPES = YES;
				CLANG_WARN_SUSPICIOUS_MOVE = YES;
				CLANG_WARN_UNGUARDED_AVAILABILITY = YES_AGGRESSIVE;
				CLANG_WARN_UNREACHABLE_CODE = YES;
				CLANG_WARN__DUPLICATE_METHOD_MATCH = YES;
				COPY_PHASE_STRIP = NO;
				DEBUG_INFORMATION_FORMAT = "dwarf-with-dsym";
				ENABLE_NS_ASSERTIONS = NO;
				ENABLE_STRICT_OBJC_MSGSEND = YES;
				GCC_C_LANGUAGE_STANDARD = gnu11;
				GCC_NO_COMMON_BLOCKS = YES;
				GCC_WARN_64_TO_32_BIT_CONVERSION = YES;
				GCC_WARN_ABOUT_RETURN_TYPE = YES_ERROR;
				GCC_WARN_UNDECLARED_SELECTOR = YES;
				GCC_WARN_UNINITIALIZED_AUTOS = YES_AGGRESSIVE;
				GCC_WARN_UNUSED_FUNCTION = YES;
				GCC_WARN_UNUSED_VARIABLE = YES;
				IPHONEOS_DEPLOYMENT_TARGET = 13.2;
				MTL_ENABLE_DEBUG_INFO = NO;
				MTL_FAST_MATH = YES;
				SDKROOT = iphoneos;
				SWIFT_COMPILATION_MODE = wholemodule;
				SWIFT_OPTIMIZATION_LEVEL = "-O";
				VALIDATE_PRODUCT = YES;
			};
			name = Release;
		};
		6DADAD7023A22C4200C5FD62 /* Debug */ = {
			isa = XCBuildConfiguration;
			buildSettings = {
				ASSETCATALOG_COMPILER_APPICON_NAME = AppIcon;
				CODE_SIGN_STYLE = Automatic;
				INFOPLIST_FILE = Lec17Part1/Info.plist;
				LD_RUNPATH_SEARCH_PATHS = (
					"$(inherited)",
					"@executable_path/Frameworks",
				);
				PRODUCT_BUNDLE_IDENTIFIER = edu.hackeru.Lec17Part1;
				PRODUCT_NAME = "$(TARGET_NAME)";
				SWIFT_VERSION = 5.0;
				TARGETED_DEVICE_FAMILY = "1,2";
			};
			name = Debug;
		};
		6DADAD7123A22C4200C5FD62 /* Release */ = {
			isa = XCBuildConfiguration;
			buildSettings = {
				ASSETCATALOG_COMPILER_APPICON_NAME = AppIcon;
				CODE_SIGN_STYLE = Automatic;
				INFOPLIST_FILE = Lec17Part1/Info.plist;
				LD_RUNPATH_SEARCH_PATHS = (
					"$(inherited)",
					"@executable_path/Frameworks",
				);
				PRODUCT_BUNDLE_IDENTIFIER = edu.hackeru.Lec17Part1;
				PRODUCT_NAME = "$(TARGET_NAME)";
				SWIFT_VERSION = 5.0;
				TARGETED_DEVICE_FAMILY = "1,2";
			};
			name = Release;
		};
/* End XCBuildConfiguration section */

/* Begin XCConfigurationList section */
		6DADAD5623A22C3F00C5FD62 /* Build configuration list for PBXProject "Lec17Part1" */ = {
			isa = XCConfigurationList;
			buildConfigurations = (
				6DADAD6D23A22C4200C5FD62 /* Debug */,
				6DADAD6E23A22C4200C5FD62 /* Release */,
			);
			defaultConfigurationIsVisible = 0;
			defaultConfigurationName = Release;
		};
		6DADAD6F23A22C4200C5FD62 /* Build configuration list for PBXNativeTarget "Lec17Part1" */ = {
			isa = XCConfigurationList;
			buildConfigurations = (
				6DADAD7023A22C4200C5FD62 /* Debug */,
				6DADAD7123A22C4200C5FD62 /* Release */,
			);
			defaultConfigurationIsVisible = 0;
			defaultConfigurationName = Release;
		};
/* End XCConfigurationList section */
	};
	rootObject = 6DADAD5323A22C3F00C5FD62 /* Project object */;
}
