// !$*UTF8*$!
{
	archiveVersion = 1;
	classes = {
	};
	objectVersion = 50;
	objects = {

/* Begin PBXBuildFile section */
		6DAA36562394F0CD0067A674 /* AppDelegate.swift in Sources */ = {isa = PBXBuildFile; fileRef = 6DAA36552394F0CD0067A674 /* AppDelegate.swift */; };
		6DAA36582394F0CD0067A674 /* SceneDelegate.swift in Sources */ = {isa = PBXBuildFile; fileRef = 6DAA36572394F0CD0067A674 /* SceneDelegate.swift */; };
		6DAA365A2394F0CD0067A674 /* ViewController.swift in Sources */ = {isa = PBXBuildFile; fileRef = 6DAA36592394F0CD0067A674 /* ViewController.swift */; };
		6DAA365D2394F0CD0067A674 /* Main.storyboard in Resources */ = {isa = PBXBuildFile; fileRef = 6DAA365B2394F0CD0067A674 /* Main.storyboard */; };
		6DAA365F2394F0CE0067A674 /* Assets.xcassets in Resources */ = {isa = PBXBuildFile; fileRef = 6DAA365E2394F0CE0067A674 /* Assets.xcassets */; };
		6DAA36622394F0CE0067A674 /* LaunchScreen.storyboard in Resources */ = {isa = PBXBuildFile; fileRef = 6DAA36602394F0CE0067A674 /* LaunchScreen.storyboard */; };
		6DAA366A2394F1000067A674 /* NoteView.swift in Sources */ = {isa = PBXBuildFile; fileRef = 6DAA36692394F1000067A674 /* NoteView.swift */; };
		6DAA36792394F3A80067A674 /* c2.mp3 in Resources */ = {isa = PBXBuildFile; fileRef = 6DAA366C2394F3A80067A674 /* c2.mp3 */; };
		6DAA367A2394F3A80067A674 /* a1s.mp3 in Resources */ = {isa = PBXBuildFile; fileRef = 6DAA366D2394F3A80067A674 /* a1s.mp3 */; };
		6DAA367B2394F3A80067A674 /* c1s.mp3 in Resources */ = {isa = PBXBuildFile; fileRef = 6DAA366E2394F3A80067A674 /* c1s.mp3 */; };
		6DAA367C2394F3A80067A674 /* c1.mp3 in Resources */ = {isa = PBXBuildFile; fileRef = 6DAA366F2394F3A80067A674 /* c1.mp3 */; };
		6DAA367D2394F3A80067A674 /* b1.mp3 in Resources */ = {isa = PBXBuildFile; fileRef = 6DAA36702394F3A80067A674 /* b1.mp3 */; };
		6DAA367E2394F3A80067A674 /* g1s.mp3 in Resources */ = {isa = PBXBuildFile; fileRef = 6DAA36712394F3A80067A674 /* g1s.mp3 */; };
		6DAA367F2394F3A80067A674 /* e1.mp3 in Resources */ = {isa = PBXBuildFile; fileRef = 6DAA36722394F3A80067A674 /* e1.mp3 */; };
		6DAA36802394F3A80067A674 /* d1s.mp3 in Resources */ = {isa = PBXBuildFile; fileRef = 6DAA36732394F3A80067A674 /* d1s.mp3 */; };
		6DAA36812394F3A80067A674 /* d1.mp3 in Resources */ = {isa = PBXBuildFile; fileRef = 6DAA36742394F3A80067A674 /* d1.mp3 */; };
		6DAA36822394F3A80067A674 /* f1s.mp3 in Resources */ = {isa = PBXBuildFile; fileRef = 6DAA36752394F3A80067A674 /* f1s.mp3 */; };
		6DAA36832394F3A80067A674 /* g1.mp3 in Resources */ = {isa = PBXBuildFile; fileRef = 6DAA36762394F3A80067A674 /* g1.mp3 */; };
		6DAA36842394F3A80067A674 /* f1.mp3 in Resources */ = {isa = PBXBuildFile; fileRef = 6DAA36772394F3A80067A674 /* f1.mp3 */; };
		6DAA36852394F3A80067A674 /* a1.mp3 in Resources */ = {isa = PBXBuildFile; fileRef = 6DAA36782394F3A80067A674 /* a1.mp3 */; };
		6DAA36872394F6980067A674 /* PianoView.swift in Sources */ = {isa = PBXBuildFile; fileRef = 6DAA36862394F6980067A674 /* PianoView.swift */; };
/* End PBXBuildFile section */

/* Begin PBXFileReference section */
		6DAA36522394F0CD0067A674 /* Lec14.app */ = {isa = PBXFileReference; explicitFileType = wrapper.application; includeInIndex = 0; path = Lec14.app; sourceTree = BUILT_PRODUCTS_DIR; };
		6DAA36552394F0CD0067A674 /* AppDelegate.swift */ = {isa = PBXFileReference; lastKnownFileType = sourcecode.swift; path = AppDelegate.swift; sourceTree = "<group>"; };
		6DAA36572394F0CD0067A674 /* SceneDelegate.swift */ = {isa = PBXFileReference; lastKnownFileType = sourcecode.swift; path = SceneDelegate.swift; sourceTree = "<group>"; };
		6DAA36592394F0CD0067A674 /* ViewController.swift */ = {isa = PBXFileReference; lastKnownFileType = sourcecode.swift; path = ViewController.swift; sourceTree = "<group>"; };
		6DAA365C2394F0CD0067A674 /* Base */ = {isa = PBXFileReference; lastKnownFileType = file.storyboard; name = Base; path = Base.lproj/Main.storyboard; sourceTree = "<group>"; };
		6DAA365E2394F0CE0067A674 /* Assets.xcassets */ = {isa = PBXFileReference; lastKnownFileType = folder.assetcatalog; path = Assets.xcassets; sourceTree = "<group>"; };
		6DAA36612394F0CE0067A674 /* Base */ = {isa = PBXFileReference; lastKnownFileType = file.storyboard; name = Base; path = Base.lproj/LaunchScreen.storyboard; sourceTree = "<group>"; };
		6DAA36632394F0CE0067A674 /* Info.plist */ = {isa = PBXFileReference; lastKnownFileType = text.plist.xml; path = Info.plist; sourceTree = "<group>"; };
		6DAA36692394F1000067A674 /* NoteView.swift */ = {isa = PBXFileReference; lastKnownFileType = sourcecode.swift; path = NoteView.swift; sourceTree = "<group>"; };
		6DAA366C2394F3A80067A674 /* c2.mp3 */ = {isa = PBXFileReference; lastKnownFileType = audio.mp3; path = c2.mp3; sourceTree = "<group>"; };
		6DAA366D2394F3A80067A674 /* a1s.mp3 */ = {isa = PBXFileReference; lastKnownFileType = audio.mp3; path = a1s.mp3; sourceTree = "<group>"; };
		6DAA366E2394F3A80067A674 /* c1s.mp3 */ = {isa = PBXFileReference; lastKnownFileType = audio.mp3; path = c1s.mp3; sourceTree = "<group>"; };
		6DAA366F2394F3A80067A674 /* c1.mp3 */ = {isa = PBXFileReference; lastKnownFileType = audio.mp3; path = c1.mp3; sourceTree = "<group>"; };
		6DAA36702394F3A80067A674 /* b1.mp3 */ = {isa = PBXFileReference; lastKnownFileType = audio.mp3; path = b1.mp3; sourceTree = "<group>"; };
		6DAA36712394F3A80067A674 /* g1s.mp3 */ = {isa = PBXFileReference; lastKnownFileType = audio.mp3; path = g1s.mp3; sourceTree = "<group>"; };
		6DAA36722394F3A80067A674 /* e1.mp3 */ = {isa = PBXFileReference; lastKnownFileType = audio.mp3; path = e1.mp3; sourceTree = "<group>"; };
		6DAA36732394F3A80067A674 /* d1s.mp3 */ = {isa = PBXFileReference; lastKnownFileType = audio.mp3; path = d1s.mp3; sourceTree = "<group>"; };
		6DAA36742394F3A80067A674 /* d1.mp3 */ = {isa = PBXFileReference; lastKnownFileType = audio.mp3; path = d1.mp3; sourceTree = "<group>"; };
		6DAA36752394F3A80067A674 /* f1s.mp3 */ = {isa = PBXFileReference; lastKnownFileType = audio.mp3; path = f1s.mp3; sourceTree = "<group>"; };
		6DAA36762394F3A80067A674 /* g1.mp3 */ = {isa = PBXFileReference; lastKnownFileType = audio.mp3; path = g1.mp3; sourceTree = "<group>"; };
		6DAA36772394F3A80067A674 /* f1.mp3 */ = {isa = PBXFileReference; lastKnownFileType = audio.mp3; path = f1.mp3; sourceTree = "<group>"; };
		6DAA36782394F3A80067A674 /* a1.mp3 */ = {isa = PBXFileReference; lastKnownFileType = audio.mp3; path = a1.mp3; sourceTree = "<group>"; };
		6DAA36862394F6980067A674 /* PianoView.swift */ = {isa = PBXFileReference; lastKnownFileType = sourcecode.swift; path = PianoView.swift; sourceTree = "<group>"; };
/* End PBXFileReference section */

/* Begin PBXFrameworksBuildPhase section */
		6DAA364F2394F0CD0067A674 /* Frameworks */ = {
			isa = PBXFrameworksBuildPhase;
			buildActionMask = 2147483647;
			files = (
			);
			runOnlyForDeploymentPostprocessing = 0;
		};
/* End PBXFrameworksBuildPhase section */

/* Begin PBXGroup section */
		6DAA36492394F0CD0067A674 = {
			isa = PBXGroup;
			children = (
				6DAA366B2394F3A80067A674 /* mp3 */,
				6DAA36542394F0CD0067A674 /* Lec14 */,
				6DAA36532394F0CD0067A674 /* Products */,
			);
			sourceTree = "<group>";
		};
		6DAA36532394F0CD0067A674 /* Products */ = {
			isa = PBXGroup;
			children = (
				6DAA36522394F0CD0067A674 /* Lec14.app */,
			);
			name = Products;
			sourceTree = "<group>";
		};
		6DAA36542394F0CD0067A674 /* Lec14 */ = {
			isa = PBXGroup;
			children = (
				6DAA36552394F0CD0067A674 /* AppDelegate.swift */,
				6DAA36572394F0CD0067A674 /* SceneDelegate.swift */,
				6DAA36592394F0CD0067A674 /* ViewController.swift */,
				6DAA365B2394F0CD0067A674 /* Main.storyboard */,
				6DAA365E2394F0CE0067A674 /* Assets.xcassets */,
				6DAA36602394F0CE0067A674 /* LaunchScreen.storyboard */,
				6DAA36632394F0CE0067A674 /* Info.plist */,
				6DAA36692394F1000067A674 /* NoteView.swift */,
				6DAA36862394F6980067A674 /* PianoView.swift */,
			);
			path = Lec14;
			sourceTree = "<group>";
		};
		6DAA366B2394F3A80067A674 /* mp3 */ = {
			isa = PBXGroup;
			children = (
				6DAA366C2394F3A80067A674 /* c2.mp3 */,
				6DAA366D2394F3A80067A674 /* a1s.mp3 */,
				6DAA366E2394F3A80067A674 /* c1s.mp3 */,
				6DAA366F2394F3A80067A674 /* c1.mp3 */,
				6DAA36702394F3A80067A674 /* b1.mp3 */,
				6DAA36712394F3A80067A674 /* g1s.mp3 */,
				6DAA36722394F3A80067A674 /* e1.mp3 */,
				6DAA36732394F3A80067A674 /* d1s.mp3 */,
				6DAA36742394F3A80067A674 /* d1.mp3 */,
				6DAA36752394F3A80067A674 /* f1s.mp3 */,
				6DAA36762394F3A80067A674 /* g1.mp3 */,
				6DAA36772394F3A80067A674 /* f1.mp3 */,
				6DAA36782394F3A80067A674 /* a1.mp3 */,
			);
			path = mp3;
			sourceTree = "<group>";
		};
/* End PBXGroup section */

/* Begin PBXNativeTarget section */
		6DAA36512394F0CD0067A674 /* Lec14 */ = {
			isa = PBXNativeTarget;
			buildConfigurationList = 6DAA36662394F0CE0067A674 /* Build configuration list for PBXNativeTarget "Lec14" */;
			buildPhases = (
				6DAA364E2394F0CD0067A674 /* Sources */,
				6DAA364F2394F0CD0067A674 /* Frameworks */,
				6DAA36502394F0CD0067A674 /* Resources */,
			);
			buildRules = (
			);
			dependencies = (
			);
			name = Lec14;
			productName = Lec14;
			productReference = 6DAA36522394F0CD0067A674 /* Lec14.app */;
			productType = "com.apple.product-type.application";
		};
/* End PBXNativeTarget section */

/* Begin PBXProject section */
		6DAA364A2394F0CD0067A674 /* Project object */ = {
			isa = PBXProject;
			attributes = {
				LastSwiftUpdateCheck = 1120;
				LastUpgradeCheck = 1120;
				ORGANIZATIONNAME = HACKERU;
				TargetAttributes = {
					6DAA36512394F0CD0067A674 = {
						CreatedOnToolsVersion = 11.2.1;
					};
				};
			};
			buildConfigurationList = 6DAA364D2394F0CD0067A674 /* Build configuration list for PBXProject "Lec14" */;
			compatibilityVersion = "Xcode 9.3";
			developmentRegion = en;
			hasScannedForEncodings = 0;
			knownRegions = (
				en,
				Base,
			);
			mainGroup = 6DAA36492394F0CD0067A674;
			productRefGroup = 6DAA36532394F0CD0067A674 /* Products */;
			projectDirPath = "";
			projectRoot = "";
			targets = (
				6DAA36512394F0CD0067A674 /* Lec14 */,
			);
		};
/* End PBXProject section */

/* Begin PBXResourcesBuildPhase section */
		6DAA36502394F0CD0067A674 /* Resources */ = {
			isa = PBXResourcesBuildPhase;
			buildActionMask = 2147483647;
			files = (
				6DAA36842394F3A80067A674 /* f1.mp3 in Resources */,
				6DAA36802394F3A80067A674 /* d1s.mp3 in Resources */,
				6DAA36812394F3A80067A674 /* d1.mp3 in Resources */,
				6DAA367F2394F3A80067A674 /* e1.mp3 in Resources */,
				6DAA367E2394F3A80067A674 /* g1s.mp3 in Resources */,
				6DAA36832394F3A80067A674 /* g1.mp3 in Resources */,
				6DAA36852394F3A80067A674 /* a1.mp3 in Resources */,
				6DAA36822394F3A80067A674 /* f1s.mp3 in Resources */,
				6DAA367B2394F3A80067A674 /* c1s.mp3 in Resources */,
				6DAA367C2394F3A80067A674 /* c1.mp3 in Resources */,
				6DAA367A2394F3A80067A674 /* a1s.mp3 in Resources */,
				6DAA36622394F0CE0067A674 /* LaunchScreen.storyboard in Resources */,
				6DAA36792394F3A80067A674 /* c2.mp3 in Resources */,
				6DAA365F2394F0CE0067A674 /* Assets.xcassets in Resources */,
				6DAA365D2394F0CD0067A674 /* Main.storyboard in Resources */,
				6DAA367D2394F3A80067A674 /* b1.mp3 in Resources */,
			);
			runOnlyForDeploymentPostprocessing = 0;
		};
/* End PBXResourcesBuildPhase section */

/* Begin PBXSourcesBuildPhase section */
		6DAA364E2394F0CD0067A674 /* Sources */ = {
			isa = PBXSourcesBuildPhase;
			buildActionMask = 2147483647;
			files = (
				6DAA365A2394F0CD0067A674 /* ViewController.swift in Sources */,
				6DAA36562394F0CD0067A674 /* AppDelegate.swift in Sources */,
				6DAA366A2394F1000067A674 /* NoteView.swift in Sources */,
				6DAA36582394F0CD0067A674 /* SceneDelegate.swift in Sources */,
				6DAA36872394F6980067A674 /* PianoView.swift in Sources */,
			);
			runOnlyForDeploymentPostprocessing = 0;
		};
/* End PBXSourcesBuildPhase section */

/* Begin PBXVariantGroup section */
		6DAA365B2394F0CD0067A674 /* Main.storyboard */ = {
			isa = PBXVariantGroup;
			children = (
				6DAA365C2394F0CD0067A674 /* Base */,
			);
			name = Main.storyboard;
			sourceTree = "<group>";
		};
		6DAA36602394F0CE0067A674 /* LaunchScreen.storyboard */ = {
			isa = PBXVariantGroup;
			children = (
				6DAA36612394F0CE0067A674 /* Base */,
			);
			name = LaunchScreen.storyboard;
			sourceTree = "<group>";
		};
/* End PBXVariantGroup section */

/* Begin XCBuildConfiguration section */
		6DAA36642394F0CE0067A674 /* Debug */ = {
			isa = XCBuildConfiguration;
			buildSettings = {
				ALWAYS_SEARCH_USER_PATHS = NO;
				CLANG_ANALYZER_NONNULL = YES;
				CLANG_ANALYZER_NUMBER_OBJECT_CONVERSION = YES_AGGRESSIVE;
				CLANG_CXX_LANGUAGE_STANDARD = "gnu++14";
				CLANG_CXX_LIBRARY = "libc++";
				CLANG_ENABLE_MODULES = YES;
				CLANG_ENABLE_OBJC_ARC = YES;
				CLANG_ENABLE_OBJC_WEAK = YES;
				CLANG_WARN_BLOCK_CAPTURE_AUTORELEASING = YES;
				CLANG_WARN_BOOL_CONVERSION = YES;
				CLANG_WARN_COMMA = YES;
				CLANG_WARN_CONSTANT_CONVERSION = YES;
				CLANG_WARN_DEPRECATED_OBJC_IMPLEMENTATIONS = YES;
				CLANG_WARN_DIRECT_OBJC_ISA_USAGE = YES_ERROR;
				CLANG_WARN_DOCUMENTATION_COMMENTS = YES;
				CLANG_WARN_EMPTY_BODY = YES;
				CLANG_WARN_ENUM_CONVERSION = YES;
				CLANG_WARN_INFINITE_RECURSION = YES;
				CLANG_WARN_INT_CONVERSION = YES;
				CLANG_WARN_NON_LITERAL_NULL_CONVERSION = YES;
				CLANG_WARN_OBJC_IMPLICIT_RETAIN_SELF = YES;
				CLANG_WARN_OBJC_LITERAL_CONVERSION = YES;
				CLANG_WARN_OBJC_ROOT_CLASS = YES_ERROR;
				CLANG_WARN_RANGE_LOOP_ANALYSIS = YES;
				CLANG_WARN_STRICT_PROTOTYPES = YES;
				CLANG_WARN_SUSPICIOUS_MOVE = YES;
				CLANG_WARN_UNGUARDED_AVAILABILITY = YES_AGGRESSIVE;
				CLANG_WARN_UNREACHABLE_CODE = YES;
				CLANG_WARN__DUPLICATE_METHOD_MATCH = YES;
				COPY_PHASE_STRIP = NO;
				DEBUG_INFORMATION_FORMAT = dwarf;
				ENABLE_STRICT_OBJC_MSGSEND = YES;
				ENABLE_TESTABILITY = YES;
				GCC_C_LANGUAGE_STANDARD = gnu11;
				GCC_DYNAMIC_NO_PIC = NO;
				GCC_NO_COMMON_BLOCKS = YES;
				GCC_OPTIMIZATION_LEVEL = 0;
				GCC_PREPROCESSOR_DEFINITIONS = (
					"DEBUG=1",
					"$(inherited)",
				);
				GCC_WARN_64_TO_32_BIT_CONVERSION = YES;
				GCC_WARN_ABOUT_RETURN_TYPE = YES_ERROR;
				GCC_WARN_UNDECLARED_SELECTOR = YES;
				GCC_WARN_UNINITIALIZED_AUTOS = YES_AGGRESSIVE;
				GCC_WARN_UNUSED_FUNCTION = YES;
				GCC_WARN_UNUSED_VARIABLE = YES;
				IPHONEOS_DEPLOYMENT_TARGET = 13.2;
				MTL_ENABLE_DEBUG_INFO = INCLUDE_SOURCE;
				MTL_FAST_MATH = YES;
				ONLY_ACTIVE_ARCH = YES;
				SDKROOT = iphoneos;
				SWIFT_ACTIVE_COMPILATION_CONDITIONS = DEBUG;
				SWIFT_OPTIMIZATION_LEVEL = "-Onone";
			};
			name = Debug;
		};
		6DAA36652394F0CE0067A674 /* Release */ = {
			isa = XCBuildConfiguration;
			buildSettings = {
				ALWAYS_SEARCH_USER_PATHS = NO;
				CLANG_ANALYZER_NONNULL = YES;
				CLANG_ANALYZER_NUMBER_OBJECT_CONVERSION = YES_AGGRESSIVE;
				CLANG_CXX_LANGUAGE_STANDARD = "gnu++14";
				CLANG_CXX_LIBRARY = "libc++";
				CLANG_ENABLE_MODULES = YES;
				CLANG_ENABLE_OBJC_ARC = YES;
				CLANG_ENABLE_OBJC_WEAK = YES;
				CLANG_WARN_BLOCK_CAPTURE_AUTORELEASING = YES;
				CLANG_WARN_BOOL_CONVERSION = YES;
				CLANG_WARN_COMMA = YES;
				CLANG_WARN_CONSTANT_CONVERSION = YES;
				CLANG_WARN_DEPRECATED_OBJC_IMPLEMENTATIONS = YES;
				CLANG_WARN_DIRECT_OBJC_ISA_USAGE = YES_ERROR;
				CLANG_WARN_DOCUMENTATION_COMMENTS = YES;
				CLANG_WARN_EMPTY_BODY = YES;
				CLANG_WARN_ENUM_CONVERSION = YES;
				CLANG_WARN_INFINITE_RECURSION = YES;
				CLANG_WARN_INT_CONVERSION = YES;
				CLANG_WARN_NON_LITERAL_NULL_CONVERSION = YES;
				CLANG_WARN_OBJC_IMPLICIT_RETAIN_SELF = YES;
				CLANG_WARN_OBJC_LITERAL_CONVERSION = YES;
				CLANG_WARN_OBJC_ROOT_CLASS = YES_ERROR;
				CLANG_WARN_RANGE_LOOP_ANALYSIS = YES;
				CLANG_WARN_STRICT_PROTOTYPES = YES;
				CLANG_WARN_SUSPICIOUS_MOVE = YES;
				CLANG_WARN_UNGUARDED_AVAILABILITY = YES_AGGRESSIVE;
				CLANG_WARN_UNREACHABLE_CODE = YES;
				CLANG_WARN__DUPLICATE_METHOD_MATCH = YES;
				COPY_PHASE_STRIP = NO;
				DEBUG_INFORMATION_FORMAT = "dwarf-with-dsym";
				ENABLE_NS_ASSERTIONS = NO;
				ENABLE_STRICT_OBJC_MSGSEND = YES;
				GCC_C_LANGUAGE_STANDARD = gnu11;
				GCC_NO_COMMON_BLOCKS = YES;
				GCC_WARN_64_TO_32_BIT_CONVERSION = YES;
				GCC_WARN_ABOUT_RETURN_TYPE = YES_ERROR;
				GCC_WARN_UNDECLARED_SELECTOR = YES;
				GCC_WARN_UNINITIALIZED_AUTOS = YES_AGGRESSIVE;
				GCC_WARN_UNUSED_FUNCTION = YES;
				GCC_WARN_UNUSED_VARIABLE = YES;
				IPHONEOS_DEPLOYMENT_TARGET = 13.2;
				MTL_ENABLE_DEBUG_INFO = NO;
				MTL_FAST_MATH = YES;
				SDKROOT = iphoneos;
				SWIFT_COMPILATION_MODE = wholemodule;
				SWIFT_OPTIMIZATION_LEVEL = "-O";
				VALIDATE_PRODUCT = YES;
			};
			name = Release;
		};
		6DAA36672394F0CE0067A674 /* Debug */ = {
			isa = XCBuildConfiguration;
			buildSettings = {
				ASSETCATALOG_COMPILER_APPICON_NAME = AppIcon;
				CODE_SIGN_STYLE = Automatic;
				INFOPLIST_FILE = Lec14/Info.plist;
				LD_RUNPATH_SEARCH_PATHS = (
					"$(inherited)",
					"@executable_path/Frameworks",
				);
				PRODUCT_BUNDLE_IDENTIFIER = edu.hackeru.Lec14;
				PRODUCT_NAME = "$(TARGET_NAME)";
				SWIFT_VERSION = 5.0;
				TARGETED_DEVICE_FAMILY = "1,2";
			};
			name = Debug;
		};
		6DAA36682394F0CE0067A674 /* Release */ = {
			isa = XCBuildConfiguration;
			buildSettings = {
				ASSETCATALOG_COMPILER_APPICON_NAME = AppIcon;
				CODE_SIGN_STYLE = Automatic;
				INFOPLIST_FILE = Lec14/Info.plist;
				LD_RUNPATH_SEARCH_PATHS = (
					"$(inherited)",
					"@executable_path/Frameworks",
				);
				PRODUCT_BUNDLE_IDENTIFIER = edu.hackeru.Lec14;
				PRODUCT_NAME = "$(TARGET_NAME)";
				SWIFT_VERSION = 5.0;
				TARGETED_DEVICE_FAMILY = "1,2";
			};
			name = Release;
		};
/* End XCBuildConfiguration section */

/* Begin XCConfigurationList section */
		6DAA364D2394F0CD0067A674 /* Build configuration list for PBXProject "Lec14" */ = {
			isa = XCConfigurationList;
			buildConfigurations = (
				6DAA36642394F0CE0067A674 /* Debug */,
				6DAA36652394F0CE0067A674 /* Release */,
			);
			defaultConfigurationIsVisible = 0;
			defaultConfigurationName = Release;
		};
		6DAA36662394F0CE0067A674 /* Build configuration list for PBXNativeTarget "Lec14" */ = {
			isa = XCConfigurationList;
			buildConfigurations = (
				6DAA36672394F0CE0067A674 /* Debug */,
				6DAA36682394F0CE0067A674 /* Release */,
			);
			defaultConfigurationIsVisible = 0;
			defaultConfigurationName = Release;
		};
/* End XCConfigurationList section */
	};
	rootObject = 6DAA364A2394F0CD0067A674 /* Project object */;
}
