// !$*UTF8*$!
{
	archiveVersion = 1;
	classes = {
	};
	objectVersion = 50;
	objects = {

/* Begin PBXBuildFile section */
		6DFDBA7C239E2B4900ACA0AE /* AppDelegate.swift in Sources */ = {isa = PBXBuildFile; fileRef = 6DFDBA7B239E2B4900ACA0AE /* AppDelegate.swift */; };
		6DFDBA7E239E2B4900ACA0AE /* SceneDelegate.swift in Sources */ = {isa = PBXBuildFile; fileRef = 6DFDBA7D239E2B4900ACA0AE /* SceneDelegate.swift */; };
		6DFDBA80239E2B4900ACA0AE /* ViewController.swift in Sources */ = {isa = PBXBuildFile; fileRef = 6DFDBA7F239E2B4900ACA0AE /* ViewController.swift */; };
		6DFDBA83239E2B4900ACA0AE /* Main.storyboard in Resources */ = {isa = PBXBuildFile; fileRef = 6DFDBA81239E2B4900ACA0AE /* Main.storyboard */; };
		6DFDBA86239E2B4900ACA0AE /* Lec16.xcdatamodeld in Sources */ = {isa = PBXBuildFile; fileRef = 6DFDBA84239E2B4900ACA0AE /* Lec16.xcdatamodeld */; };
		6DFDBA88239E2B4B00ACA0AE /* Assets.xcassets in Resources */ = {isa = PBXBuildFile; fileRef = 6DFDBA87239E2B4B00ACA0AE /* Assets.xcassets */; };
		6DFDBA8B239E2B4B00ACA0AE /* LaunchScreen.storyboard in Resources */ = {isa = PBXBuildFile; fileRef = 6DFDBA89239E2B4B00ACA0AE /* LaunchScreen.storyboard */; };
		6DFDBA93239E2B7600ACA0AE /* CoreDataStack.swift in Sources */ = {isa = PBXBuildFile; fileRef = 6DFDBA92239E2B7600ACA0AE /* CoreDataStack.swift */; };
/* End PBXBuildFile section */

/* Begin PBXFileReference section */
		6DFDBA78239E2B4900ACA0AE /* Lec16.app */ = {isa = PBXFileReference; explicitFileType = wrapper.application; includeInIndex = 0; path = Lec16.app; sourceTree = BUILT_PRODUCTS_DIR; };
		6DFDBA7B239E2B4900ACA0AE /* AppDelegate.swift */ = {isa = PBXFileReference; lastKnownFileType = sourcecode.swift; path = AppDelegate.swift; sourceTree = "<group>"; };
		6DFDBA7D239E2B4900ACA0AE /* SceneDelegate.swift */ = {isa = PBXFileReference; lastKnownFileType = sourcecode.swift; path = SceneDelegate.swift; sourceTree = "<group>"; };
		6DFDBA7F239E2B4900ACA0AE /* ViewController.swift */ = {isa = PBXFileReference; lastKnownFileType = sourcecode.swift; path = ViewController.swift; sourceTree = "<group>"; };
		6DFDBA82239E2B4900ACA0AE /* Base */ = {isa = PBXFileReference; lastKnownFileType = file.storyboard; name = Base; path = Base.lproj/Main.storyboard; sourceTree = "<group>"; };
		6DFDBA85239E2B4900ACA0AE /* Lec16.xcdatamodel */ = {isa = PBXFileReference; lastKnownFileType = wrapper.xcdatamodel; path = Lec16.xcdatamodel; sourceTree = "<group>"; };
		6DFDBA87239E2B4B00ACA0AE /* Assets.xcassets */ = {isa = PBXFileReference; lastKnownFileType = folder.assetcatalog; path = Assets.xcassets; sourceTree = "<group>"; };
		6DFDBA8A239E2B4B00ACA0AE /* Base */ = {isa = PBXFileReference; lastKnownFileType = file.storyboard; name = Base; path = Base.lproj/LaunchScreen.storyboard; sourceTree = "<group>"; };
		6DFDBA8C239E2B4B00ACA0AE /* Info.plist */ = {isa = PBXFileReference; lastKnownFileType = text.plist.xml; path = Info.plist; sourceTree = "<group>"; };
		6DFDBA92239E2B7600ACA0AE /* CoreDataStack.swift */ = {isa = PBXFileReference; lastKnownFileType = sourcecode.swift; path = CoreDataStack.swift; sourceTree = "<group>"; };
/* End PBXFileReference section */

/* Begin PBXFrameworksBuildPhase section */
		6DFDBA75239E2B4900ACA0AE /* Frameworks */ = {
			isa = PBXFrameworksBuildPhase;
			buildActionMask = 2147483647;
			files = (
			);
			runOnlyForDeploymentPostprocessing = 0;
		};
/* End PBXFrameworksBuildPhase section */

/* Begin PBXGroup section */
		6DFDBA6F239E2B4900ACA0AE = {
			isa = PBXGroup;
			children = (
				6DFDBA7A239E2B4900ACA0AE /* Lec16 */,
				6DFDBA79239E2B4900ACA0AE /* Products */,
			);
			sourceTree = "<group>";
		};
		6DFDBA79239E2B4900ACA0AE /* Products */ = {
			isa = PBXGroup;
			children = (
				6DFDBA78239E2B4900ACA0AE /* Lec16.app */,
			);
			name = Products;
			sourceTree = "<group>";
		};
		6DFDBA7A239E2B4900ACA0AE /* Lec16 */ = {
			isa = PBXGroup;
			children = (
				6DFDBA7B239E2B4900ACA0AE /* AppDelegate.swift */,
				6DFDBA7D239E2B4900ACA0AE /* SceneDelegate.swift */,
				6DFDBA7F239E2B4900ACA0AE /* ViewController.swift */,
				6DFDBA81239E2B4900ACA0AE /* Main.storyboard */,
				6DFDBA87239E2B4B00ACA0AE /* Assets.xcassets */,
				6DFDBA89239E2B4B00ACA0AE /* LaunchScreen.storyboard */,
				6DFDBA8C239E2B4B00ACA0AE /* Info.plist */,
				6DFDBA84239E2B4900ACA0AE /* Lec16.xcdatamodeld */,
				6DFDBA92239E2B7600ACA0AE /* CoreDataStack.swift */,
			);
			path = Lec16;
			sourceTree = "<group>";
		};
/* End PBXGroup section */

/* Begin PBXNativeTarget section */
		6DFDBA77239E2B4900ACA0AE /* Lec16 */ = {
			isa = PBXNativeTarget;
			buildConfigurationList = 6DFDBA8F239E2B4B00ACA0AE /* Build configuration list for PBXNativeTarget "Lec16" */;
			buildPhases = (
				6DFDBA74239E2B4900ACA0AE /* Sources */,
				6DFDBA75239E2B4900ACA0AE /* Frameworks */,
				6DFDBA76239E2B4900ACA0AE /* Resources */,
			);
			buildRules = (
			);
			dependencies = (
			);
			name = Lec16;
			productName = Lec16;
			productReference = 6DFDBA78239E2B4900ACA0AE /* Lec16.app */;
			productType = "com.apple.product-type.application";
		};
/* End PBXNativeTarget section */

/* Begin PBXProject section */
		6DFDBA70239E2B4900ACA0AE /* Project object */ = {
			isa = PBXProject;
			attributes = {
				LastSwiftUpdateCheck = 1120;
				LastUpgradeCheck = 1120;
				ORGANIZATIONNAME = HACKERU;
				TargetAttributes = {
					6DFDBA77239E2B4900ACA0AE = {
						CreatedOnToolsVersion = 11.2.1;
					};
				};
			};
			buildConfigurationList = 6DFDBA73239E2B4900ACA0AE /* Build configuration list for PBXProject "Lec16" */;
			compatibilityVersion = "Xcode 9.3";
			developmentRegion = en;
			hasScannedForEncodings = 0;
			knownRegions = (
				en,
				Base,
			);
			mainGroup = 6DFDBA6F239E2B4900ACA0AE;
			productRefGroup = 6DFDBA79239E2B4900ACA0AE /* Products */;
			projectDirPath = "";
			projectRoot = "";
			targets = (
				6DFDBA77239E2B4900ACA0AE /* Lec16 */,
			);
		};
/* End PBXProject section */

/* Begin PBXResourcesBuildPhase section */
		6DFDBA76239E2B4900ACA0AE /* Resources */ = {
			isa = PBXResourcesBuildPhase;
			buildActionMask = 2147483647;
			files = (
				6DFDBA8B239E2B4B00ACA0AE /* LaunchScreen.storyboard in Resources */,
				6DFDBA88239E2B4B00ACA0AE /* Assets.xcassets in Resources */,
				6DFDBA83239E2B4900ACA0AE /* Main.storyboard in Resources */,
			);
			runOnlyForDeploymentPostprocessing = 0;
		};
/* End PBXResourcesBuildPhase section */

/* Begin PBXSourcesBuildPhase section */
		6DFDBA74239E2B4900ACA0AE /* Sources */ = {
			isa = PBXSourcesBuildPhase;
			buildActionMask = 2147483647;
			files = (
				6DFDBA93239E2B7600ACA0AE /* CoreDataStack.swift in Sources */,
				6DFDBA80239E2B4900ACA0AE /* ViewController.swift in Sources */,
				6DFDBA86239E2B4900ACA0AE /* Lec16.xcdatamodeld in Sources */,
				6DFDBA7C239E2B4900ACA0AE /* AppDelegate.swift in Sources */,
				6DFDBA7E239E2B4900ACA0AE /* SceneDelegate.swift in Sources */,
			);
			runOnlyForDeploymentPostprocessing = 0;
		};
/* End PBXSourcesBuildPhase section */

/* Begin PBXVariantGroup section */
		6DFDBA81239E2B4900ACA0AE /* Main.storyboard */ = {
			isa = PBXVariantGroup;
			children = (
				6DFDBA82239E2B4900ACA0AE /* Base */,
			);
			name = Main.storyboard;
			sourceTree = "<group>";
		};
		6DFDBA89239E2B4B00ACA0AE /* LaunchScreen.storyboard */ = {
			isa = PBXVariantGroup;
			children = (
				6DFDBA8A239E2B4B00ACA0AE /* Base */,
			);
			name = LaunchScreen.storyboard;
			sourceTree = "<group>";
		};
/* End PBXVariantGroup section */

/* Begin XCBuildConfiguration section */
		6DFDBA8D239E2B4B00ACA0AE /* Debug */ = {
			isa = XCBuildConfiguration;
			buildSettings = {
				ALWAYS_SEARCH_USER_PATHS = NO;
				CLANG_ANALYZER_NONNULL = YES;
				CLANG_ANALYZER_NUMBER_OBJECT_CONVERSION = YES_AGGRESSIVE;
				CLANG_CXX_LANGUAGE_STANDARD = "gnu++14";
				CLANG_CXX_LIBRARY = "libc++";
				CLANG_ENABLE_MODULES = YES;
				CLANG_ENABLE_OBJC_ARC = YES;
				CLANG_ENABLE_OBJC_WEAK = YES;
				CLANG_WARN_BLOCK_CAPTURE_AUTORELEASING = YES;
				CLANG_WARN_BOOL_CONVERSION = YES;
				CLANG_WARN_COMMA = YES;
				CLANG_WARN_CONSTANT_CONVERSION = YES;
				CLANG_WARN_DEPRECATED_OBJC_IMPLEMENTATIONS = YES;
				CLANG_WARN_DIRECT_OBJC_ISA_USAGE = YES_ERROR;
				CLANG_WARN_DOCUMENTATION_COMMENTS = YES;
				CLANG_WARN_EMPTY_BODY = YES;
				CLANG_WARN_ENUM_CONVERSION = YES;
				CLANG_WARN_INFINITE_RECURSION = YES;
				CLANG_WARN_INT_CONVERSION = YES;
				CLANG_WARN_NON_LITERAL_NULL_CONVERSION = YES;
				CLANG_WARN_OBJC_IMPLICIT_RETAIN_SELF = YES;
				CLANG_WARN_OBJC_LITERAL_CONVERSION = YES;
				CLANG_WARN_OBJC_ROOT_CLASS = YES_ERROR;
				CLANG_WARN_RANGE_LOOP_ANALYSIS = YES;
				CLANG_WARN_STRICT_PROTOTYPES = YES;
				CLANG_WARN_SUSPICIOUS_MOVE = YES;
				CLANG_WARN_UNGUARDED_AVAILABILITY = YES_AGGRESSIVE;
				CLANG_WARN_UNREACHABLE_CODE = YES;
				CLANG_WARN__DUPLICATE_METHOD_MATCH = YES;
				COPY_PHASE_STRIP = NO;
				DEBUG_INFORMATION_FORMAT = dwarf;
				ENABLE_STRICT_OBJC_MSGSEND = YES;
				ENABLE_TESTABILITY = YES;
				GCC_C_LANGUAGE_STANDARD = gnu11;
				GCC_DYNAMIC_NO_PIC = NO;
				GCC_NO_COMMON_BLOCKS = YES;
				GCC_OPTIMIZATION_LEVEL = 0;
				GCC_PREPROCESSOR_DEFINITIONS = (
					"DEBUG=1",
					"$(inherited)",
				);
				GCC_WARN_64_TO_32_BIT_CONVERSION = YES;
				GCC_WARN_ABOUT_RETURN_TYPE = YES_ERROR;
				GCC_WARN_UNDECLARED_SELECTOR = YES;
				GCC_WARN_UNINITIALIZED_AUTOS = YES_AGGRESSIVE;
				GCC_WARN_UNUSED_FUNCTION = YES;
				GCC_WARN_UNUSED_VARIABLE = YES;
				IPHONEOS_DEPLOYMENT_TARGET = 13.2;
				MTL_ENABLE_DEBUG_INFO = INCLUDE_SOURCE;
				MTL_FAST_MATH = YES;
				ONLY_ACTIVE_ARCH = YES;
				SDKROOT = iphoneos;
				SWIFT_ACTIVE_COMPILATION_CONDITIONS = DEBUG;
				SWIFT_OPTIMIZATION_LEVEL = "-Onone";
			};
			name = Debug;
		};
		6DFDBA8E239E2B4B00ACA0AE /* Release */ = {
			isa = XCBuildConfiguration;
			buildSettings = {
				ALWAYS_SEARCH_USER_PATHS = NO;
				CLANG_ANALYZER_NONNULL = YES;
				CLANG_ANALYZER_NUMBER_OBJECT_CONVERSION = YES_AGGRESSIVE;
				CLANG_CXX_LANGUAGE_STANDARD = "gnu++14";
				CLANG_CXX_LIBRARY = "libc++";
				CLANG_ENABLE_MODULES = YES;
				CLANG_ENABLE_OBJC_ARC = YES;
				CLANG_ENABLE_OBJC_WEAK = YES;
				CLANG_WARN_BLOCK_CAPTURE_AUTORELEASING = YES;
				CLANG_WARN_BOOL_CONVERSION = YES;
				CLANG_WARN_COMMA = YES;
				CLANG_WARN_CONSTANT_CONVERSION = YES;
				CLANG_WARN_DEPRECATED_OBJC_IMPLEMENTATIONS = YES;
				CLANG_WARN_DIRECT_OBJC_ISA_USAGE = YES_ERROR;
				CLANG_WARN_DOCUMENTATION_COMMENTS = YES;
				CLANG_WARN_EMPTY_BODY = YES;
				CLANG_WARN_ENUM_CONVERSION = YES;
				CLANG_WARN_INFINITE_RECURSION = YES;
				CLANG_WARN_INT_CONVERSION = YES;
				CLANG_WARN_NON_LITERAL_NULL_CONVERSION = YES;
				CLANG_WARN_OBJC_IMPLICIT_RETAIN_SELF = YES;
				CLANG_WARN_OBJC_LITERAL_CONVERSION = YES;
				CLANG_WARN_OBJC_ROOT_CLASS = YES_ERROR;
				CLANG_WARN_RANGE_LOOP_ANALYSIS = YES;
				CLANG_WARN_STRICT_PROTOTYPES = YES;
				CLANG_WARN_SUSPICIOUS_MOVE = YES;
				CLANG_WARN_UNGUARDED_AVAILABILITY = YES_AGGRESSIVE;
				CLANG_WARN_UNREACHABLE_CODE = YES;
				CLANG_WARN__DUPLICATE_METHOD_MATCH = YES;
				COPY_PHASE_STRIP = NO;
				DEBUG_INFORMATION_FORMAT = "dwarf-with-dsym";
				ENABLE_NS_ASSERTIONS = NO;
				ENABLE_STRICT_OBJC_MSGSEND = YES;
				GCC_C_LANGUAGE_STANDARD = gnu11;
				GCC_NO_COMMON_BLOCKS = YES;
				GCC_WARN_64_TO_32_BIT_CONVERSION = YES;
				GCC_WARN_ABOUT_RETURN_TYPE = YES_ERROR;
				GCC_WARN_UNDECLARED_SELECTOR = YES;
				GCC_WARN_UNINITIALIZED_AUTOS = YES_AGGRESSIVE;
				GCC_WARN_UNUSED_FUNCTION = YES;
				GCC_WARN_UNUSED_VARIABLE = YES;
				IPHONEOS_DEPLOYMENT_TARGET = 13.2;
				MTL_ENABLE_DEBUG_INFO = NO;
				MTL_FAST_MATH = YES;
				SDKROOT = iphoneos;
				SWIFT_COMPILATION_MODE = wholemodule;
				SWIFT_OPTIMIZATION_LEVEL = "-O";
				VALIDATE_PRODUCT = YES;
			};
			name = Release;
		};
		6DFDBA90239E2B4B00ACA0AE /* Debug */ = {
			isa = XCBuildConfiguration;
			buildSettings = {
				ASSETCATALOG_COMPILER_APPICON_NAME = AppIcon;
				CODE_SIGN_STYLE = Automatic;
				INFOPLIST_FILE = Lec16/Info.plist;
				LD_RUNPATH_SEARCH_PATHS = (
					"$(inherited)",
					"@executable_path/Frameworks",
				);
				PRODUCT_BUNDLE_IDENTIFIER = edu.hackeru.Lec16;
				PRODUCT_NAME = "$(TARGET_NAME)";
				SWIFT_VERSION = 5.0;
				TARGETED_DEVICE_FAMILY = "1,2";
			};
			name = Debug;
		};
		6DFDBA91239E2B4B00ACA0AE /* Release */ = {
			isa = XCBuildConfiguration;
			buildSettings = {
				ASSETCATALOG_COMPILER_APPICON_NAME = AppIcon;
				CODE_SIGN_STYLE = Automatic;
				INFOPLIST_FILE = Lec16/Info.plist;
				LD_RUNPATH_SEARCH_PATHS = (
					"$(inherited)",
					"@executable_path/Frameworks",
				);
				PRODUCT_BUNDLE_IDENTIFIER = edu.hackeru.Lec16;
				PRODUCT_NAME = "$(TARGET_NAME)";
				SWIFT_VERSION = 5.0;
				TARGETED_DEVICE_FAMILY = "1,2";
			};
			name = Release;
		};
/* End XCBuildConfiguration section */

/* Begin XCConfigurationList section */
		6DFDBA73239E2B4900ACA0AE /* Build configuration list for PBXProject "Lec16" */ = {
			isa = XCConfigurationList;
			buildConfigurations = (
				6DFDBA8D239E2B4B00ACA0AE /* Debug */,
				6DFDBA8E239E2B4B00ACA0AE /* Release */,
			);
			defaultConfigurationIsVisible = 0;
			defaultConfigurationName = Release;
		};
		6DFDBA8F239E2B4B00ACA0AE /* Build configuration list for PBXNativeTarget "Lec16" */ = {
			isa = XCConfigurationList;
			buildConfigurations = (
				6DFDBA90239E2B4B00ACA0AE /* Debug */,
				6DFDBA91239E2B4B00ACA0AE /* Release */,
			);
			defaultConfigurationIsVisible = 0;
			defaultConfigurationName = Release;
		};
/* End XCConfigurationList section */

/* Begin XCVersionGroup section */
		6DFDBA84239E2B4900ACA0AE /* Lec16.xcdatamodeld */ = {
			isa = XCVersionGroup;
			children = (
				6DFDBA85239E2B4900ACA0AE /* Lec16.xcdatamodel */,
			);
			currentVersion = 6DFDBA85239E2B4900ACA0AE /* Lec16.xcdatamodel */;
			path = Lec16.xcdatamodeld;
			sourceTree = "<group>";
			versionGroupType = wrapper.xcdatamodel;
		};
/* End XCVersionGroup section */
	};
	rootObject = 6DFDBA70239E2B4900ACA0AE /* Project object */;
}
