// !$*UTF8*$!
{
	archiveVersion = 1;
	classes = {
	};
	objectVersion = 50;
	objects = {

/* Begin PBXBuildFile section */
		6D4995EF238FAB0700BF2F95 /* AppDelegate.swift in Sources */ = {isa = PBXBuildFile; fileRef = 6D4995EE238FAB0700BF2F95 /* AppDelegate.swift */; };
		6D4995F1238FAB0700BF2F95 /* SceneDelegate.swift in Sources */ = {isa = PBXBuildFile; fileRef = 6D4995F0238FAB0700BF2F95 /* SceneDelegate.swift */; };
		6D4995F3238FAB0700BF2F95 /* ViewController.swift in Sources */ = {isa = PBXBuildFile; fileRef = 6D4995F2238FAB0700BF2F95 /* ViewController.swift */; };
		6D4995F6238FAB0700BF2F95 /* Main.storyboard in Resources */ = {isa = PBXBuildFile; fileRef = 6D4995F4238FAB0700BF2F95 /* Main.storyboard */; };
		6D4995F8238FAB0900BF2F95 /* Assets.xcassets in Resources */ = {isa = PBXBuildFile; fileRef = 6D4995F7238FAB0900BF2F95 /* Assets.xcassets */; };
		6D4995FB238FAB0900BF2F95 /* LaunchScreen.storyboard in Resources */ = {isa = PBXBuildFile; fileRef = 6D4995F9238FAB0900BF2F95 /* LaunchScreen.storyboard */; };
		6D499603238FAB5B00BF2F95 /* DesignableView.swift in Sources */ = {isa = PBXBuildFile; fileRef = 6D499602238FAB5B00BF2F95 /* DesignableView.swift */; };
		6D499606238FB60500BF2F95 /* GradientView.swift in Sources */ = {isa = PBXBuildFile; fileRef = 6D499605238FB60500BF2F95 /* GradientView.swift */; };
		6D499608238FD13100BF2F95 /* CircularImageView.swift in Sources */ = {isa = PBXBuildFile; fileRef = 6D499607238FD13100BF2F95 /* CircularImageView.swift */; };
		6D4996172390097700BF2F95 /* c2.mp3 in Resources */ = {isa = PBXBuildFile; fileRef = 6D49960A2390097700BF2F95 /* c2.mp3 */; };
		6D4996182390097700BF2F95 /* a1s.mp3 in Resources */ = {isa = PBXBuildFile; fileRef = 6D49960B2390097700BF2F95 /* a1s.mp3 */; };
		6D4996192390097700BF2F95 /* c1s.mp3 in Resources */ = {isa = PBXBuildFile; fileRef = 6D49960C2390097700BF2F95 /* c1s.mp3 */; };
		6D49961A2390097700BF2F95 /* c1.mp3 in Resources */ = {isa = PBXBuildFile; fileRef = 6D49960D2390097700BF2F95 /* c1.mp3 */; };
		6D49961B2390097700BF2F95 /* b1.mp3 in Resources */ = {isa = PBXBuildFile; fileRef = 6D49960E2390097700BF2F95 /* b1.mp3 */; };
		6D49961C2390097700BF2F95 /* g1s.mp3 in Resources */ = {isa = PBXBuildFile; fileRef = 6D49960F2390097700BF2F95 /* g1s.mp3 */; };
		6D49961D2390097700BF2F95 /* e1.mp3 in Resources */ = {isa = PBXBuildFile; fileRef = 6D4996102390097700BF2F95 /* e1.mp3 */; };
		6D49961E2390097700BF2F95 /* d1s.mp3 in Resources */ = {isa = PBXBuildFile; fileRef = 6D4996112390097700BF2F95 /* d1s.mp3 */; };
		6D49961F2390097700BF2F95 /* d1.mp3 in Resources */ = {isa = PBXBuildFile; fileRef = 6D4996122390097700BF2F95 /* d1.mp3 */; };
		6D4996202390097700BF2F95 /* f1s.mp3 in Resources */ = {isa = PBXBuildFile; fileRef = 6D4996132390097700BF2F95 /* f1s.mp3 */; };
		6D4996212390097700BF2F95 /* g1.mp3 in Resources */ = {isa = PBXBuildFile; fileRef = 6D4996142390097700BF2F95 /* g1.mp3 */; };
		6D4996222390097700BF2F95 /* f1.mp3 in Resources */ = {isa = PBXBuildFile; fileRef = 6D4996152390097700BF2F95 /* f1.mp3 */; };
		6D4996232390097700BF2F95 /* a1.mp3 in Resources */ = {isa = PBXBuildFile; fileRef = 6D4996162390097700BF2F95 /* a1.mp3 */; };
/* End PBXBuildFile section */

/* Begin PBXFileReference section */
		6D4995EB238FAB0700BF2F95 /* Lec13.app */ = {isa = PBXFileReference; explicitFileType = wrapper.application; includeInIndex = 0; path = Lec13.app; sourceTree = BUILT_PRODUCTS_DIR; };
		6D4995EE238FAB0700BF2F95 /* AppDelegate.swift */ = {isa = PBXFileReference; lastKnownFileType = sourcecode.swift; path = AppDelegate.swift; sourceTree = "<group>"; };
		6D4995F0238FAB0700BF2F95 /* SceneDelegate.swift */ = {isa = PBXFileReference; lastKnownFileType = sourcecode.swift; path = SceneDelegate.swift; sourceTree = "<group>"; };
		6D4995F2238FAB0700BF2F95 /* ViewController.swift */ = {isa = PBXFileReference; lastKnownFileType = sourcecode.swift; path = ViewController.swift; sourceTree = "<group>"; };
		6D4995F5238FAB0700BF2F95 /* Base */ = {isa = PBXFileReference; lastKnownFileType = file.storyboard; name = Base; path = Base.lproj/Main.storyboard; sourceTree = "<group>"; };
		6D4995F7238FAB0900BF2F95 /* Assets.xcassets */ = {isa = PBXFileReference; lastKnownFileType = folder.assetcatalog; path = Assets.xcassets; sourceTree = "<group>"; };
		6D4995FA238FAB0900BF2F95 /* Base */ = {isa = PBXFileReference; lastKnownFileType = file.storyboard; name = Base; path = Base.lproj/LaunchScreen.storyboard; sourceTree = "<group>"; };
		6D4995FC238FAB0900BF2F95 /* Info.plist */ = {isa = PBXFileReference; lastKnownFileType = text.plist.xml; path = Info.plist; sourceTree = "<group>"; };
		6D499602238FAB5B00BF2F95 /* DesignableView.swift */ = {isa = PBXFileReference; lastKnownFileType = sourcecode.swift; path = DesignableView.swift; sourceTree = "<group>"; };
		6D499604238FAB8B00BF2F95 /* MyPlayground.playground */ = {isa = PBXFileReference; lastKnownFileType = file.playground; path = MyPlayground.playground; sourceTree = "<group>"; xcLanguageSpecificationIdentifier = xcode.lang.swift; };
		6D499605238FB60500BF2F95 /* GradientView.swift */ = {isa = PBXFileReference; lastKnownFileType = sourcecode.swift; path = GradientView.swift; sourceTree = "<group>"; };
		6D499607238FD13100BF2F95 /* CircularImageView.swift */ = {isa = PBXFileReference; lastKnownFileType = sourcecode.swift; path = CircularImageView.swift; sourceTree = "<group>"; };
		6D49960A2390097700BF2F95 /* c2.mp3 */ = {isa = PBXFileReference; lastKnownFileType = audio.mp3; path = c2.mp3; sourceTree = "<group>"; };
		6D49960B2390097700BF2F95 /* a1s.mp3 */ = {isa = PBXFileReference; lastKnownFileType = audio.mp3; path = a1s.mp3; sourceTree = "<group>"; };
		6D49960C2390097700BF2F95 /* c1s.mp3 */ = {isa = PBXFileReference; lastKnownFileType = audio.mp3; path = c1s.mp3; sourceTree = "<group>"; };
		6D49960D2390097700BF2F95 /* c1.mp3 */ = {isa = PBXFileReference; lastKnownFileType = audio.mp3; path = c1.mp3; sourceTree = "<group>"; };
		6D49960E2390097700BF2F95 /* b1.mp3 */ = {isa = PBXFileReference; lastKnownFileType = audio.mp3; path = b1.mp3; sourceTree = "<group>"; };
		6D49960F2390097700BF2F95 /* g1s.mp3 */ = {isa = PBXFileReference; lastKnownFileType = audio.mp3; path = g1s.mp3; sourceTree = "<group>"; };
		6D4996102390097700BF2F95 /* e1.mp3 */ = {isa = PBXFileReference; lastKnownFileType = audio.mp3; path = e1.mp3; sourceTree = "<group>"; };
		6D4996112390097700BF2F95 /* d1s.mp3 */ = {isa = PBXFileReference; lastKnownFileType = audio.mp3; path = d1s.mp3; sourceTree = "<group>"; };
		6D4996122390097700BF2F95 /* d1.mp3 */ = {isa = PBXFileReference; lastKnownFileType = audio.mp3; path = d1.mp3; sourceTree = "<group>"; };
		6D4996132390097700BF2F95 /* f1s.mp3 */ = {isa = PBXFileReference; lastKnownFileType = audio.mp3; path = f1s.mp3; sourceTree = "<group>"; };
		6D4996142390097700BF2F95 /* g1.mp3 */ = {isa = PBXFileReference; lastKnownFileType = audio.mp3; path = g1.mp3; sourceTree = "<group>"; };
		6D4996152390097700BF2F95 /* f1.mp3 */ = {isa = PBXFileReference; lastKnownFileType = audio.mp3; path = f1.mp3; sourceTree = "<group>"; };
		6D4996162390097700BF2F95 /* a1.mp3 */ = {isa = PBXFileReference; lastKnownFileType = audio.mp3; path = a1.mp3; sourceTree = "<group>"; };
/* End PBXFileReference section */

/* Begin PBXFrameworksBuildPhase section */
		6D4995E8238FAB0700BF2F95 /* Frameworks */ = {
			isa = PBXFrameworksBuildPhase;
			buildActionMask = 2147483647;
			files = (
			);
			runOnlyForDeploymentPostprocessing = 0;
		};
/* End PBXFrameworksBuildPhase section */

/* Begin PBXGroup section */
		6D4995E2238FAB0700BF2F95 = {
			isa = PBXGroup;
			children = (
				6D4995ED238FAB0700BF2F95 /* Lec13 */,
				6D4995EC238FAB0700BF2F95 /* Products */,
			);
			sourceTree = "<group>";
		};
		6D4995EC238FAB0700BF2F95 /* Products */ = {
			isa = PBXGroup;
			children = (
				6D4995EB238FAB0700BF2F95 /* Lec13.app */,
			);
			name = Products;
			sourceTree = "<group>";
		};
		6D4995ED238FAB0700BF2F95 /* Lec13 */ = {
			isa = PBXGroup;
			children = (
				6D4996092390097700BF2F95 /* mp3 */,
				6D4995EE238FAB0700BF2F95 /* AppDelegate.swift */,
				6D4995F0238FAB0700BF2F95 /* SceneDelegate.swift */,
				6D4995F2238FAB0700BF2F95 /* ViewController.swift */,
				6D4995F4238FAB0700BF2F95 /* Main.storyboard */,
				6D4995F7238FAB0900BF2F95 /* Assets.xcassets */,
				6D4995F9238FAB0900BF2F95 /* LaunchScreen.storyboard */,
				6D4995FC238FAB0900BF2F95 /* Info.plist */,
				6D499602238FAB5B00BF2F95 /* DesignableView.swift */,
				6D499604238FAB8B00BF2F95 /* MyPlayground.playground */,
				6D499605238FB60500BF2F95 /* GradientView.swift */,
				6D499607238FD13100BF2F95 /* CircularImageView.swift */,
			);
			path = Lec13;
			sourceTree = "<group>";
		};
		6D4996092390097700BF2F95 /* mp3 */ = {
			isa = PBXGroup;
			children = (
				6D49960A2390097700BF2F95 /* c2.mp3 */,
				6D49960B2390097700BF2F95 /* a1s.mp3 */,
				6D49960C2390097700BF2F95 /* c1s.mp3 */,
				6D49960D2390097700BF2F95 /* c1.mp3 */,
				6D49960E2390097700BF2F95 /* b1.mp3 */,
				6D49960F2390097700BF2F95 /* g1s.mp3 */,
				6D4996102390097700BF2F95 /* e1.mp3 */,
				6D4996112390097700BF2F95 /* d1s.mp3 */,
				6D4996122390097700BF2F95 /* d1.mp3 */,
				6D4996132390097700BF2F95 /* f1s.mp3 */,
				6D4996142390097700BF2F95 /* g1.mp3 */,
				6D4996152390097700BF2F95 /* f1.mp3 */,
				6D4996162390097700BF2F95 /* a1.mp3 */,
			);
			path = mp3;
			sourceTree = "<group>";
		};
/* End PBXGroup section */

/* Begin PBXNativeTarget section */
		6D4995EA238FAB0700BF2F95 /* Lec13 */ = {
			isa = PBXNativeTarget;
			buildConfigurationList = 6D4995FF238FAB0900BF2F95 /* Build configuration list for PBXNativeTarget "Lec13" */;
			buildPhases = (
				6D4995E7238FAB0700BF2F95 /* Sources */,
				6D4995E8238FAB0700BF2F95 /* Frameworks */,
				6D4995E9238FAB0700BF2F95 /* Resources */,
			);
			buildRules = (
			);
			dependencies = (
			);
			name = Lec13;
			productName = Lec13;
			productReference = 6D4995EB238FAB0700BF2F95 /* Lec13.app */;
			productType = "com.apple.product-type.application";
		};
/* End PBXNativeTarget section */

/* Begin PBXProject section */
		6D4995E3238FAB0700BF2F95 /* Project object */ = {
			isa = PBXProject;
			attributes = {
				LastSwiftUpdateCheck = 1120;
				LastUpgradeCheck = 1120;
				ORGANIZATIONNAME = HACKERU;
				TargetAttributes = {
					6D4995EA238FAB0700BF2F95 = {
						CreatedOnToolsVersion = 11.2.1;
					};
				};
			};
			buildConfigurationList = 6D4995E6238FAB0700BF2F95 /* Build configuration list for PBXProject "Lec13" */;
			compatibilityVersion = "Xcode 9.3";
			developmentRegion = en;
			hasScannedForEncodings = 0;
			knownRegions = (
				en,
				Base,
			);
			mainGroup = 6D4995E2238FAB0700BF2F95;
			productRefGroup = 6D4995EC238FAB0700BF2F95 /* Products */;
			projectDirPath = "";
			projectRoot = "";
			targets = (
				6D4995EA238FAB0700BF2F95 /* Lec13 */,
			);
		};
/* End PBXProject section */

/* Begin PBXResourcesBuildPhase section */
		6D4995E9238FAB0700BF2F95 /* Resources */ = {
			isa = PBXResourcesBuildPhase;
			buildActionMask = 2147483647;
			files = (
				6D4996222390097700BF2F95 /* f1.mp3 in Resources */,
				6D49961E2390097700BF2F95 /* d1s.mp3 in Resources */,
				6D49961F2390097700BF2F95 /* d1.mp3 in Resources */,
				6D49961D2390097700BF2F95 /* e1.mp3 in Resources */,
				6D49961C2390097700BF2F95 /* g1s.mp3 in Resources */,
				6D4996212390097700BF2F95 /* g1.mp3 in Resources */,
				6D4996232390097700BF2F95 /* a1.mp3 in Resources */,
				6D4996202390097700BF2F95 /* f1s.mp3 in Resources */,
				6D4996192390097700BF2F95 /* c1s.mp3 in Resources */,
				6D49961A2390097700BF2F95 /* c1.mp3 in Resources */,
				6D4996182390097700BF2F95 /* a1s.mp3 in Resources */,
				6D4995FB238FAB0900BF2F95 /* LaunchScreen.storyboard in Resources */,
				6D4996172390097700BF2F95 /* c2.mp3 in Resources */,
				6D4995F8238FAB0900BF2F95 /* Assets.xcassets in Resources */,
				6D4995F6238FAB0700BF2F95 /* Main.storyboard in Resources */,
				6D49961B2390097700BF2F95 /* b1.mp3 in Resources */,
			);
			runOnlyForDeploymentPostprocessing = 0;
		};
/* End PBXResourcesBuildPhase section */

/* Begin PBXSourcesBuildPhase section */
		6D4995E7238FAB0700BF2F95 /* Sources */ = {
			isa = PBXSourcesBuildPhase;
			buildActionMask = 2147483647;
			files = (
				6D499603238FAB5B00BF2F95 /* DesignableView.swift in Sources */,
				6D499608238FD13100BF2F95 /* CircularImageView.swift in Sources */,
				6D4995F3238FAB0700BF2F95 /* ViewController.swift in Sources */,
				6D499606238FB60500BF2F95 /* GradientView.swift in Sources */,
				6D4995EF238FAB0700BF2F95 /* AppDelegate.swift in Sources */,
				6D4995F1238FAB0700BF2F95 /* SceneDelegate.swift in Sources */,
			);
			runOnlyForDeploymentPostprocessing = 0;
		};
/* End PBXSourcesBuildPhase section */

/* Begin PBXVariantGroup section */
		6D4995F4238FAB0700BF2F95 /* Main.storyboard */ = {
			isa = PBXVariantGroup;
			children = (
				6D4995F5238FAB0700BF2F95 /* Base */,
			);
			name = Main.storyboard;
			sourceTree = "<group>";
		};
		6D4995F9238FAB0900BF2F95 /* LaunchScreen.storyboard */ = {
			isa = PBXVariantGroup;
			children = (
				6D4995FA238FAB0900BF2F95 /* Base */,
			);
			name = LaunchScreen.storyboard;
			sourceTree = "<group>";
		};
/* End PBXVariantGroup section */

/* Begin XCBuildConfiguration section */
		6D4995FD238FAB0900BF2F95 /* Debug */ = {
			isa = XCBuildConfiguration;
			buildSettings = {
				ALWAYS_SEARCH_USER_PATHS = NO;
				CLANG_ANALYZER_NONNULL = YES;
				CLANG_ANALYZER_NUMBER_OBJECT_CONVERSION = YES_AGGRESSIVE;
				CLANG_CXX_LANGUAGE_STANDARD = "gnu++14";
				CLANG_CXX_LIBRARY = "libc++";
				CLANG_ENABLE_MODULES = YES;
				CLANG_ENABLE_OBJC_ARC = YES;
				CLANG_ENABLE_OBJC_WEAK = YES;
				CLANG_WARN_BLOCK_CAPTURE_AUTORELEASING = YES;
				CLANG_WARN_BOOL_CONVERSION = YES;
				CLANG_WARN_COMMA = YES;
				CLANG_WARN_CONSTANT_CONVERSION = YES;
				CLANG_WARN_DEPRECATED_OBJC_IMPLEMENTATIONS = YES;
				CLANG_WARN_DIRECT_OBJC_ISA_USAGE = YES_ERROR;
				CLANG_WARN_DOCUMENTATION_COMMENTS = YES;
				CLANG_WARN_EMPTY_BODY = YES;
				CLANG_WARN_ENUM_CONVERSION = YES;
				CLANG_WARN_INFINITE_RECURSION = YES;
				CLANG_WARN_INT_CONVERSION = YES;
				CLANG_WARN_NON_LITERAL_NULL_CONVERSION = YES;
				CLANG_WARN_OBJC_IMPLICIT_RETAIN_SELF = YES;
				CLANG_WARN_OBJC_LITERAL_CONVERSION = YES;
				CLANG_WARN_OBJC_ROOT_CLASS = YES_ERROR;
				CLANG_WARN_RANGE_LOOP_ANALYSIS = YES;
				CLANG_WARN_STRICT_PROTOTYPES = YES;
				CLANG_WARN_SUSPICIOUS_MOVE = YES;
				CLANG_WARN_UNGUARDED_AVAILABILITY = YES_AGGRESSIVE;
				CLANG_WARN_UNREACHABLE_CODE = YES;
				CLANG_WARN__DUPLICATE_METHOD_MATCH = YES;
				COPY_PHASE_STRIP = NO;
				DEBUG_INFORMATION_FORMAT = dwarf;
				ENABLE_STRICT_OBJC_MSGSEND = YES;
				ENABLE_TESTABILITY = YES;
				GCC_C_LANGUAGE_STANDARD = gnu11;
				GCC_DYNAMIC_NO_PIC = NO;
				GCC_NO_COMMON_BLOCKS = YES;
				GCC_OPTIMIZATION_LEVEL = 0;
				GCC_PREPROCESSOR_DEFINITIONS = (
					"DEBUG=1",
					"$(inherited)",
				);
				GCC_WARN_64_TO_32_BIT_CONVERSION = YES;
				GCC_WARN_ABOUT_RETURN_TYPE = YES_ERROR;
				GCC_WARN_UNDECLARED_SELECTOR = YES;
				GCC_WARN_UNINITIALIZED_AUTOS = YES_AGGRESSIVE;
				GCC_WARN_UNUSED_FUNCTION = YES;
				GCC_WARN_UNUSED_VARIABLE = YES;
				IPHONEOS_DEPLOYMENT_TARGET = 13.2;
				MTL_ENABLE_DEBUG_INFO = INCLUDE_SOURCE;
				MTL_FAST_MATH = YES;
				ONLY_ACTIVE_ARCH = YES;
				SDKROOT = iphoneos;
				SWIFT_ACTIVE_COMPILATION_CONDITIONS = DEBUG;
				SWIFT_OPTIMIZATION_LEVEL = "-Onone";
			};
			name = Debug;
		};
		6D4995FE238FAB0900BF2F95 /* Release */ = {
			isa = XCBuildConfiguration;
			buildSettings = {
				ALWAYS_SEARCH_USER_PATHS = NO;
				CLANG_ANALYZER_NONNULL = YES;
				CLANG_ANALYZER_NUMBER_OBJECT_CONVERSION = YES_AGGRESSIVE;
				CLANG_CXX_LANGUAGE_STANDARD = "gnu++14";
				CLANG_CXX_LIBRARY = "libc++";
				CLANG_ENABLE_MODULES = YES;
				CLANG_ENABLE_OBJC_ARC = YES;
				CLANG_ENABLE_OBJC_WEAK = YES;
				CLANG_WARN_BLOCK_CAPTURE_AUTORELEASING = YES;
				CLANG_WARN_BOOL_CONVERSION = YES;
				CLANG_WARN_COMMA = YES;
				CLANG_WARN_CONSTANT_CONVERSION = YES;
				CLANG_WARN_DEPRECATED_OBJC_IMPLEMENTATIONS = YES;
				CLANG_WARN_DIRECT_OBJC_ISA_USAGE = YES_ERROR;
				CLANG_WARN_DOCUMENTATION_COMMENTS = YES;
				CLANG_WARN_EMPTY_BODY = YES;
				CLANG_WARN_ENUM_CONVERSION = YES;
				CLANG_WARN_INFINITE_RECURSION = YES;
				CLANG_WARN_INT_CONVERSION = YES;
				CLANG_WARN_NON_LITERAL_NULL_CONVERSION = YES;
				CLANG_WARN_OBJC_IMPLICIT_RETAIN_SELF = YES;
				CLANG_WARN_OBJC_LITERAL_CONVERSION = YES;
				CLANG_WARN_OBJC_ROOT_CLASS = YES_ERROR;
				CLANG_WARN_RANGE_LOOP_ANALYSIS = YES;
				CLANG_WARN_STRICT_PROTOTYPES = YES;
				CLANG_WARN_SUSPICIOUS_MOVE = YES;
				CLANG_WARN_UNGUARDED_AVAILABILITY = YES_AGGRESSIVE;
				CLANG_WARN_UNREACHABLE_CODE = YES;
				CLANG_WARN__DUPLICATE_METHOD_MATCH = YES;
				COPY_PHASE_STRIP = NO;
				DEBUG_INFORMATION_FORMAT = "dwarf-with-dsym";
				ENABLE_NS_ASSERTIONS = NO;
				ENABLE_STRICT_OBJC_MSGSEND = YES;
				GCC_C_LANGUAGE_STANDARD = gnu11;
				GCC_NO_COMMON_BLOCKS = YES;
				GCC_WARN_64_TO_32_BIT_CONVERSION = YES;
				GCC_WARN_ABOUT_RETURN_TYPE = YES_ERROR;
				GCC_WARN_UNDECLARED_SELECTOR = YES;
				GCC_WARN_UNINITIALIZED_AUTOS = YES_AGGRESSIVE;
				GCC_WARN_UNUSED_FUNCTION = YES;
				GCC_WARN_UNUSED_VARIABLE = YES;
				IPHONEOS_DEPLOYMENT_TARGET = 13.2;
				MTL_ENABLE_DEBUG_INFO = NO;
				MTL_FAST_MATH = YES;
				SDKROOT = iphoneos;
				SWIFT_COMPILATION_MODE = wholemodule;
				SWIFT_OPTIMIZATION_LEVEL = "-O";
				VALIDATE_PRODUCT = YES;
			};
			name = Release;
		};
		6D499600238FAB0900BF2F95 /* Debug */ = {
			isa = XCBuildConfiguration;
			buildSettings = {
				ASSETCATALOG_COMPILER_APPICON_NAME = AppIcon;
				CODE_SIGN_STYLE = Automatic;
				INFOPLIST_FILE = Lec13/Info.plist;
				LD_RUNPATH_SEARCH_PATHS = (
					"$(inherited)",
					"@executable_path/Frameworks",
				);
				PRODUCT_BUNDLE_IDENTIFIER = edu.hackeru.Lec13;
				PRODUCT_NAME = "$(TARGET_NAME)";
				SWIFT_VERSION = 5.0;
				TARGETED_DEVICE_FAMILY = "1,2";
			};
			name = Debug;
		};
		6D499601238FAB0900BF2F95 /* Release */ = {
			isa = XCBuildConfiguration;
			buildSettings = {
				ASSETCATALOG_COMPILER_APPICON_NAME = AppIcon;
				CODE_SIGN_STYLE = Automatic;
				INFOPLIST_FILE = Lec13/Info.plist;
				LD_RUNPATH_SEARCH_PATHS = (
					"$(inherited)",
					"@executable_path/Frameworks",
				);
				PRODUCT_BUNDLE_IDENTIFIER = edu.hackeru.Lec13;
				PRODUCT_NAME = "$(TARGET_NAME)";
				SWIFT_VERSION = 5.0;
				TARGETED_DEVICE_FAMILY = "1,2";
			};
			name = Release;
		};
/* End XCBuildConfiguration section */

/* Begin XCConfigurationList section */
		6D4995E6238FAB0700BF2F95 /* Build configuration list for PBXProject "Lec13" */ = {
			isa = XCConfigurationList;
			buildConfigurations = (
				6D4995FD238FAB0900BF2F95 /* Debug */,
				6D4995FE238FAB0900BF2F95 /* Release */,
			);
			defaultConfigurationIsVisible = 0;
			defaultConfigurationName = Release;
		};
		6D4995FF238FAB0900BF2F95 /* Build configuration list for PBXNativeTarget "Lec13" */ = {
			isa = XCConfigurationList;
			buildConfigurations = (
				6D499600238FAB0900BF2F95 /* Debug */,
				6D499601238FAB0900BF2F95 /* Release */,
			);
			defaultConfigurationIsVisible = 0;
			defaultConfigurationName = Release;
		};
/* End XCConfigurationList section */
	};
	rootObject = 6D4995E3238FAB0700BF2F95 /* Project object */;
}
