// !$*UTF8*$!
{
	archiveVersion = 1;
	classes = {
	};
	objectVersion = 50;
	objects = {

/* Begin PBXBuildFile section */
		6DFDBAAB239E688000ACA0AE /* AppDelegate.swift in Sources */ = {isa = PBXBuildFile; fileRef = 6DFDBAAA239E688000ACA0AE /* AppDelegate.swift */; };
		6DFDBAAD239E688000ACA0AE /* SceneDelegate.swift in Sources */ = {isa = PBXBuildFile; fileRef = 6DFDBAAC239E688000ACA0AE /* SceneDelegate.swift */; };
		6DFDBAAF239E688000ACA0AE /* ViewController.swift in Sources */ = {isa = PBXBuildFile; fileRef = 6DFDBAAE239E688000ACA0AE /* ViewController.swift */; };
		6DFDBAB2239E688000ACA0AE /* Main.storyboard in Resources */ = {isa = PBXBuildFile; fileRef = 6DFDBAB0239E688000ACA0AE /* Main.storyboard */; };
		6DFDBAB5239E688000ACA0AE /* Lec16Part2.xcdatamodeld in Sources */ = {isa = PBXBuildFile; fileRef = 6DFDBAB3239E688000ACA0AE /* Lec16Part2.xcdatamodeld */; };
		6DFDBAB7239E688300ACA0AE /* Assets.xcassets in Resources */ = {isa = PBXBuildFile; fileRef = 6DFDBAB6239E688200ACA0AE /* Assets.xcassets */; };
		6DFDBABA239E688300ACA0AE /* LaunchScreen.storyboard in Resources */ = {isa = PBXBuildFile; fileRef = 6DFDBAB8239E688300ACA0AE /* LaunchScreen.storyboard */; };
		6DFDBAC3239E690700ACA0AE /* Candy+CoreDataClass.swift in Sources */ = {isa = PBXBuildFile; fileRef = 6DFDBAC1239E690700ACA0AE /* Candy+CoreDataClass.swift */; };
		6DFDBAC4239E690700ACA0AE /* Candy+CoreDataProperties.swift in Sources */ = {isa = PBXBuildFile; fileRef = 6DFDBAC2239E690700ACA0AE /* Candy+CoreDataProperties.swift */; };
		6DFDBAC6239E694600ACA0AE /* CandyDAO.swift in Sources */ = {isa = PBXBuildFile; fileRef = 6DFDBAC5239E694600ACA0AE /* CandyDAO.swift */; };
		6DFDBAC8239E8E0600ACA0AE /* SearchTableViewController.swift in Sources */ = {isa = PBXBuildFile; fileRef = 6DFDBAC7239E8E0600ACA0AE /* SearchTableViewController.swift */; };
		6DFDBACB239E8E7200ACA0AE /* SearchTableViewCell.swift in Sources */ = {isa = PBXBuildFile; fileRef = 6DFDBAC9239E8E7200ACA0AE /* SearchTableViewCell.swift */; };
		6DFDBACC239E8E7200ACA0AE /* SearchTableViewCell.xib in Resources */ = {isa = PBXBuildFile; fileRef = 6DFDBACA239E8E7200ACA0AE /* SearchTableViewCell.xib */; };
/* End PBXBuildFile section */

/* Begin PBXFileReference section */
		6DFDBAA7239E688000ACA0AE /* Lec16Part2.app */ = {isa = PBXFileReference; explicitFileType = wrapper.application; includeInIndex = 0; path = Lec16Part2.app; sourceTree = BUILT_PRODUCTS_DIR; };
		6DFDBAAA239E688000ACA0AE /* AppDelegate.swift */ = {isa = PBXFileReference; lastKnownFileType = sourcecode.swift; path = AppDelegate.swift; sourceTree = "<group>"; };
		6DFDBAAC239E688000ACA0AE /* SceneDelegate.swift */ = {isa = PBXFileReference; lastKnownFileType = sourcecode.swift; path = SceneDelegate.swift; sourceTree = "<group>"; };
		6DFDBAAE239E688000ACA0AE /* ViewController.swift */ = {isa = PBXFileReference; lastKnownFileType = sourcecode.swift; path = ViewController.swift; sourceTree = "<group>"; };
		6DFDBAB1239E688000ACA0AE /* Base */ = {isa = PBXFileReference; lastKnownFileType = file.storyboard; name = Base; path = Base.lproj/Main.storyboard; sourceTree = "<group>"; };
		6DFDBAB4239E688000ACA0AE /* Lec16Part2.xcdatamodel */ = {isa = PBXFileReference; lastKnownFileType = wrapper.xcdatamodel; path = Lec16Part2.xcdatamodel; sourceTree = "<group>"; };
		6DFDBAB6239E688200ACA0AE /* Assets.xcassets */ = {isa = PBXFileReference; lastKnownFileType = folder.assetcatalog; path = Assets.xcassets; sourceTree = "<group>"; };
		6DFDBAB9239E688300ACA0AE /* Base */ = {isa = PBXFileReference; lastKnownFileType = file.storyboard; name = Base; path = Base.lproj/LaunchScreen.storyboard; sourceTree = "<group>"; };
		6DFDBABB239E688300ACA0AE /* Info.plist */ = {isa = PBXFileReference; lastKnownFileType = text.plist.xml; path = Info.plist; sourceTree = "<group>"; };
		6DFDBAC1239E690700ACA0AE /* Candy+CoreDataClass.swift */ = {isa = PBXFileReference; lastKnownFileType = sourcecode.swift; path = "Candy+CoreDataClass.swift"; sourceTree = "<group>"; };
		6DFDBAC2239E690700ACA0AE /* Candy+CoreDataProperties.swift */ = {isa = PBXFileReference; lastKnownFileType = sourcecode.swift; path = "Candy+CoreDataProperties.swift"; sourceTree = "<group>"; };
		6DFDBAC5239E694600ACA0AE /* CandyDAO.swift */ = {isa = PBXFileReference; lastKnownFileType = sourcecode.swift; path = CandyDAO.swift; sourceTree = "<group>"; };
		6DFDBAC7239E8E0600ACA0AE /* SearchTableViewController.swift */ = {isa = PBXFileReference; lastKnownFileType = sourcecode.swift; path = SearchTableViewController.swift; sourceTree = "<group>"; };
		6DFDBAC9239E8E7200ACA0AE /* SearchTableViewCell.swift */ = {isa = PBXFileReference; lastKnownFileType = sourcecode.swift; path = SearchTableViewCell.swift; sourceTree = "<group>"; };
		6DFDBACA239E8E7200ACA0AE /* SearchTableViewCell.xib */ = {isa = PBXFileReference; lastKnownFileType = file.xib; path = SearchTableViewCell.xib; sourceTree = "<group>"; };
/* End PBXFileReference section */

/* Begin PBXFrameworksBuildPhase section */
		6DFDBAA4239E688000ACA0AE /* Frameworks */ = {
			isa = PBXFrameworksBuildPhase;
			buildActionMask = 2147483647;
			files = (
			);
			runOnlyForDeploymentPostprocessing = 0;
		};
/* End PBXFrameworksBuildPhase section */

/* Begin PBXGroup section */
		6DFDBA9E239E688000ACA0AE = {
			isa = PBXGroup;
			children = (
				6DFDBAA9239E688000ACA0AE /* Lec16Part2 */,
				6DFDBAA8239E688000ACA0AE /* Products */,
			);
			sourceTree = "<group>";
		};
		6DFDBAA8239E688000ACA0AE /* Products */ = {
			isa = PBXGroup;
			children = (
				6DFDBAA7239E688000ACA0AE /* Lec16Part2.app */,
			);
			name = Products;
			sourceTree = "<group>";
		};
		6DFDBAA9239E688000ACA0AE /* Lec16Part2 */ = {
			isa = PBXGroup;
			children = (
				6DFDBAC1239E690700ACA0AE /* Candy+CoreDataClass.swift */,
				6DFDBAC2239E690700ACA0AE /* Candy+CoreDataProperties.swift */,
				6DFDBAAA239E688000ACA0AE /* AppDelegate.swift */,
				6DFDBAAC239E688000ACA0AE /* SceneDelegate.swift */,
				6DFDBAAE239E688000ACA0AE /* ViewController.swift */,
				6DFDBAB0239E688000ACA0AE /* Main.storyboard */,
				6DFDBAB6239E688200ACA0AE /* Assets.xcassets */,
				6DFDBAB8239E688300ACA0AE /* LaunchScreen.storyboard */,
				6DFDBABB239E688300ACA0AE /* Info.plist */,
				6DFDBAB3239E688000ACA0AE /* Lec16Part2.xcdatamodeld */,
				6DFDBAC5239E694600ACA0AE /* CandyDAO.swift */,
				6DFDBAC7239E8E0600ACA0AE /* SearchTableViewController.swift */,
				6DFDBAC9239E8E7200ACA0AE /* SearchTableViewCell.swift */,
				6DFDBACA239E8E7200ACA0AE /* SearchTableViewCell.xib */,
			);
			path = Lec16Part2;
			sourceTree = "<group>";
		};
/* End PBXGroup section */

/* Begin PBXNativeTarget section */
		6DFDBAA6239E688000ACA0AE /* Lec16Part2 */ = {
			isa = PBXNativeTarget;
			buildConfigurationList = 6DFDBABE239E688300ACA0AE /* Build configuration list for PBXNativeTarget "Lec16Part2" */;
			buildPhases = (
				6DFDBAA3239E688000ACA0AE /* Sources */,
				6DFDBAA4239E688000ACA0AE /* Frameworks */,
				6DFDBAA5239E688000ACA0AE /* Resources */,
			);
			buildRules = (
			);
			dependencies = (
			);
			name = Lec16Part2;
			productName = Lec16Part2;
			productReference = 6DFDBAA7239E688000ACA0AE /* Lec16Part2.app */;
			productType = "com.apple.product-type.application";
		};
/* End PBXNativeTarget section */

/* Begin PBXProject section */
		6DFDBA9F239E688000ACA0AE /* Project object */ = {
			isa = PBXProject;
			attributes = {
				LastSwiftUpdateCheck = 1120;
				LastUpgradeCheck = 1120;
				ORGANIZATIONNAME = HACKERU;
				TargetAttributes = {
					6DFDBAA6239E688000ACA0AE = {
						CreatedOnToolsVersion = 11.2.1;
					};
				};
			};
			buildConfigurationList = 6DFDBAA2239E688000ACA0AE /* Build configuration list for PBXProject "Lec16Part2" */;
			compatibilityVersion = "Xcode 9.3";
			developmentRegion = en;
			hasScannedForEncodings = 0;
			knownRegions = (
				en,
				Base,
			);
			mainGroup = 6DFDBA9E239E688000ACA0AE;
			productRefGroup = 6DFDBAA8239E688000ACA0AE /* Products */;
			projectDirPath = "";
			projectRoot = "";
			targets = (
				6DFDBAA6239E688000ACA0AE /* Lec16Part2 */,
			);
		};
/* End PBXProject section */

/* Begin PBXResourcesBuildPhase section */
		6DFDBAA5239E688000ACA0AE /* Resources */ = {
			isa = PBXResourcesBuildPhase;
			buildActionMask = 2147483647;
			files = (
				6DFDBABA239E688300ACA0AE /* LaunchScreen.storyboard in Resources */,
				6DFDBACC239E8E7200ACA0AE /* SearchTableViewCell.xib in Resources */,
				6DFDBAB7239E688300ACA0AE /* Assets.xcassets in Resources */,
				6DFDBAB2239E688000ACA0AE /* Main.storyboard in Resources */,
			);
			runOnlyForDeploymentPostprocessing = 0;
		};
/* End PBXResourcesBuildPhase section */

/* Begin PBXSourcesBuildPhase section */
		6DFDBAA3239E688000ACA0AE /* Sources */ = {
			isa = PBXSourcesBuildPhase;
			buildActionMask = 2147483647;
			files = (
				6DFDBACB239E8E7200ACA0AE /* SearchTableViewCell.swift in Sources */,
				6DFDBAAF239E688000ACA0AE /* ViewController.swift in Sources */,
				6DFDBAC3239E690700ACA0AE /* Candy+CoreDataClass.swift in Sources */,
				6DFDBAAB239E688000ACA0AE /* AppDelegate.swift in Sources */,
				6DFDBAC4239E690700ACA0AE /* Candy+CoreDataProperties.swift in Sources */,
				6DFDBAAD239E688000ACA0AE /* SceneDelegate.swift in Sources */,
				6DFDBAC6239E694600ACA0AE /* CandyDAO.swift in Sources */,
				6DFDBAB5239E688000ACA0AE /* Lec16Part2.xcdatamodeld in Sources */,
				6DFDBAC8239E8E0600ACA0AE /* SearchTableViewController.swift in Sources */,
			);
			runOnlyForDeploymentPostprocessing = 0;
		};
/* End PBXSourcesBuildPhase section */

/* Begin PBXVariantGroup section */
		6DFDBAB0239E688000ACA0AE /* Main.storyboard */ = {
			isa = PBXVariantGroup;
			children = (
				6DFDBAB1239E688000ACA0AE /* Base */,
			);
			name = Main.storyboard;
			sourceTree = "<group>";
		};
		6DFDBAB8239E688300ACA0AE /* LaunchScreen.storyboard */ = {
			isa = PBXVariantGroup;
			children = (
				6DFDBAB9239E688300ACA0AE /* Base */,
			);
			name = LaunchScreen.storyboard;
			sourceTree = "<group>";
		};
/* End PBXVariantGroup section */

/* Begin XCBuildConfiguration section */
		6DFDBABC239E688300ACA0AE /* Debug */ = {
			isa = XCBuildConfiguration;
			buildSettings = {
				ALWAYS_SEARCH_USER_PATHS = NO;
				CLANG_ANALYZER_NONNULL = YES;
				CLANG_ANALYZER_NUMBER_OBJECT_CONVERSION = YES_AGGRESSIVE;
				CLANG_CXX_LANGUAGE_STANDARD = "gnu++14";
				CLANG_CXX_LIBRARY = "libc++";
				CLANG_ENABLE_MODULES = YES;
				CLANG_ENABLE_OBJC_ARC = YES;
				CLANG_ENABLE_OBJC_WEAK = YES;
				CLANG_WARN_BLOCK_CAPTURE_AUTORELEASING = YES;
				CLANG_WARN_BOOL_CONVERSION = YES;
				CLANG_WARN_COMMA = YES;
				CLANG_WARN_CONSTANT_CONVERSION = YES;
				CLANG_WARN_DEPRECATED_OBJC_IMPLEMENTATIONS = YES;
				CLANG_WARN_DIRECT_OBJC_ISA_USAGE = YES_ERROR;
				CLANG_WARN_DOCUMENTATION_COMMENTS = YES;
				CLANG_WARN_EMPTY_BODY = YES;
				CLANG_WARN_ENUM_CONVERSION = YES;
				CLANG_WARN_INFINITE_RECURSION = YES;
				CLANG_WARN_INT_CONVERSION = YES;
				CLANG_WARN_NON_LITERAL_NULL_CONVERSION = YES;
				CLANG_WARN_OBJC_IMPLICIT_RETAIN_SELF = YES;
				CLANG_WARN_OBJC_LITERAL_CONVERSION = YES;
				CLANG_WARN_OBJC_ROOT_CLASS = YES_ERROR;
				CLANG_WARN_RANGE_LOOP_ANALYSIS = YES;
				CLANG_WARN_STRICT_PROTOTYPES = YES;
				CLANG_WARN_SUSPICIOUS_MOVE = YES;
				CLANG_WARN_UNGUARDED_AVAILABILITY = YES_AGGRESSIVE;
				CLANG_WARN_UNREACHABLE_CODE = YES;
				CLANG_WARN__DUPLICATE_METHOD_MATCH = YES;
				COPY_PHASE_STRIP = NO;
				DEBUG_INFORMATION_FORMAT = dwarf;
				ENABLE_STRICT_OBJC_MSGSEND = YES;
				ENABLE_TESTABILITY = YES;
				GCC_C_LANGUAGE_STANDARD = gnu11;
				GCC_DYNAMIC_NO_PIC = NO;
				GCC_NO_COMMON_BLOCKS = YES;
				GCC_OPTIMIZATION_LEVEL = 0;
				GCC_PREPROCESSOR_DEFINITIONS = (
					"DEBUG=1",
					"$(inherited)",
				);
				GCC_WARN_64_TO_32_BIT_CONVERSION = YES;
				GCC_WARN_ABOUT_RETURN_TYPE = YES_ERROR;
				GCC_WARN_UNDECLARED_SELECTOR = YES;
				GCC_WARN_UNINITIALIZED_AUTOS = YES_AGGRESSIVE;
				GCC_WARN_UNUSED_FUNCTION = YES;
				GCC_WARN_UNUSED_VARIABLE = YES;
				IPHONEOS_DEPLOYMENT_TARGET = 13.2;
				MTL_ENABLE_DEBUG_INFO = INCLUDE_SOURCE;
				MTL_FAST_MATH = YES;
				ONLY_ACTIVE_ARCH = YES;
				SDKROOT = iphoneos;
				SWIFT_ACTIVE_COMPILATION_CONDITIONS = DEBUG;
				SWIFT_OPTIMIZATION_LEVEL = "-Onone";
			};
			name = Debug;
		};
		6DFDBABD239E688300ACA0AE /* Release */ = {
			isa = XCBuildConfiguration;
			buildSettings = {
				ALWAYS_SEARCH_USER_PATHS = NO;
				CLANG_ANALYZER_NONNULL = YES;
				CLANG_ANALYZER_NUMBER_OBJECT_CONVERSION = YES_AGGRESSIVE;
				CLANG_CXX_LANGUAGE_STANDARD = "gnu++14";
				CLANG_CXX_LIBRARY = "libc++";
				CLANG_ENABLE_MODULES = YES;
				CLANG_ENABLE_OBJC_ARC = YES;
				CLANG_ENABLE_OBJC_WEAK = YES;
				CLANG_WARN_BLOCK_CAPTURE_AUTORELEASING = YES;
				CLANG_WARN_BOOL_CONVERSION = YES;
				CLANG_WARN_COMMA = YES;
				CLANG_WARN_CONSTANT_CONVERSION = YES;
				CLANG_WARN_DEPRECATED_OBJC_IMPLEMENTATIONS = YES;
				CLANG_WARN_DIRECT_OBJC_ISA_USAGE = YES_ERROR;
				CLANG_WARN_DOCUMENTATION_COMMENTS = YES;
				CLANG_WARN_EMPTY_BODY = YES;
				CLANG_WARN_ENUM_CONVERSION = YES;
				CLANG_WARN_INFINITE_RECURSION = YES;
				CLANG_WARN_INT_CONVERSION = YES;
				CLANG_WARN_NON_LITERAL_NULL_CONVERSION = YES;
				CLANG_WARN_OBJC_IMPLICIT_RETAIN_SELF = YES;
				CLANG_WARN_OBJC_LITERAL_CONVERSION = YES;
				CLANG_WARN_OBJC_ROOT_CLASS = YES_ERROR;
				CLANG_WARN_RANGE_LOOP_ANALYSIS = YES;
				CLANG_WARN_STRICT_PROTOTYPES = YES;
				CLANG_WARN_SUSPICIOUS_MOVE = YES;
				CLANG_WARN_UNGUARDED_AVAILABILITY = YES_AGGRESSIVE;
				CLANG_WARN_UNREACHABLE_CODE = YES;
				CLANG_WARN__DUPLICATE_METHOD_MATCH = YES;
				COPY_PHASE_STRIP = NO;
				DEBUG_INFORMATION_FORMAT = "dwarf-with-dsym";
				ENABLE_NS_ASSERTIONS = NO;
				ENABLE_STRICT_OBJC_MSGSEND = YES;
				GCC_C_LANGUAGE_STANDARD = gnu11;
				GCC_NO_COMMON_BLOCKS = YES;
				GCC_WARN_64_TO_32_BIT_CONVERSION = YES;
				GCC_WARN_ABOUT_RETURN_TYPE = YES_ERROR;
				GCC_WARN_UNDECLARED_SELECTOR = YES;
				GCC_WARN_UNINITIALIZED_AUTOS = YES_AGGRESSIVE;
				GCC_WARN_UNUSED_FUNCTION = YES;
				GCC_WARN_UNUSED_VARIABLE = YES;
				IPHONEOS_DEPLOYMENT_TARGET = 13.2;
				MTL_ENABLE_DEBUG_INFO = NO;
				MTL_FAST_MATH = YES;
				SDKROOT = iphoneos;
				SWIFT_COMPILATION_MODE = wholemodule;
				SWIFT_OPTIMIZATION_LEVEL = "-O";
				VALIDATE_PRODUCT = YES;
			};
			name = Release;
		};
		6DFDBABF239E688300ACA0AE /* Debug */ = {
			isa = XCBuildConfiguration;
			buildSettings = {
				ASSETCATALOG_COMPILER_APPICON_NAME = AppIcon;
				CODE_SIGN_STYLE = Automatic;
				INFOPLIST_FILE = Lec16Part2/Info.plist;
				LD_RUNPATH_SEARCH_PATHS = (
					"$(inherited)",
					"@executable_path/Frameworks",
				);
				PRODUCT_BUNDLE_IDENTIFIER = edu.hackeru.Lec16Part2;
				PRODUCT_NAME = "$(TARGET_NAME)";
				SWIFT_VERSION = 5.0;
				TARGETED_DEVICE_FAMILY = "1,2";
			};
			name = Debug;
		};
		6DFDBAC0239E688300ACA0AE /* Release */ = {
			isa = XCBuildConfiguration;
			buildSettings = {
				ASSETCATALOG_COMPILER_APPICON_NAME = AppIcon;
				CODE_SIGN_STYLE = Automatic;
				INFOPLIST_FILE = Lec16Part2/Info.plist;
				LD_RUNPATH_SEARCH_PATHS = (
					"$(inherited)",
					"@executable_path/Frameworks",
				);
				PRODUCT_BUNDLE_IDENTIFIER = edu.hackeru.Lec16Part2;
				PRODUCT_NAME = "$(TARGET_NAME)";
				SWIFT_VERSION = 5.0;
				TARGETED_DEVICE_FAMILY = "1,2";
			};
			name = Release;
		};
/* End XCBuildConfiguration section */

/* Begin XCConfigurationList section */
		6DFDBAA2239E688000ACA0AE /* Build configuration list for PBXProject "Lec16Part2" */ = {
			isa = XCConfigurationList;
			buildConfigurations = (
				6DFDBABC239E688300ACA0AE /* Debug */,
				6DFDBABD239E688300ACA0AE /* Release */,
			);
			defaultConfigurationIsVisible = 0;
			defaultConfigurationName = Release;
		};
		6DFDBABE239E688300ACA0AE /* Build configuration list for PBXNativeTarget "Lec16Part2" */ = {
			isa = XCConfigurationList;
			buildConfigurations = (
				6DFDBABF239E688300ACA0AE /* Debug */,
				6DFDBAC0239E688300ACA0AE /* Release */,
			);
			defaultConfigurationIsVisible = 0;
			defaultConfigurationName = Release;
		};
/* End XCConfigurationList section */

/* Begin XCVersionGroup section */
		6DFDBAB3239E688000ACA0AE /* Lec16Part2.xcdatamodeld */ = {
			isa = XCVersionGroup;
			children = (
				6DFDBAB4239E688000ACA0AE /* Lec16Part2.xcdatamodel */,
			);
			currentVersion = 6DFDBAB4239E688000ACA0AE /* Lec16Part2.xcdatamodel */;
			path = Lec16Part2.xcdatamodeld;
			sourceTree = "<group>";
			versionGroupType = wrapper.xcdatamodel;
		};
/* End XCVersionGroup section */
	};
	rootObject = 6DFDBA9F239E688000ACA0AE /* Project object */;
}
