// !$*UTF8*$!
{
	archiveVersion = 1;
	classes = {
	};
	objectVersion = 50;
	objects = {

/* Begin PBXBuildFile section */
		6D66A793238BE0030073EDC7 /* AppDelegate.swift in Sources */ = {isa = PBXBuildFile; fileRef = 6D66A792238BE0030073EDC7 /* AppDelegate.swift */; };
		6D66A795238BE0030073EDC7 /* SceneDelegate.swift in Sources */ = {isa = PBXBuildFile; fileRef = 6D66A794238BE0030073EDC7 /* SceneDelegate.swift */; };
		6D66A797238BE0030073EDC7 /* FirstViewController.swift in Sources */ = {isa = PBXBuildFile; fileRef = 6D66A796238BE0030073EDC7 /* FirstViewController.swift */; };
		6D66A799238BE0030073EDC7 /* SecondViewController.swift in Sources */ = {isa = PBXBuildFile; fileRef = 6D66A798238BE0030073EDC7 /* SecondViewController.swift */; };
		6D66A79C238BE0030073EDC7 /* Main.storyboard in Resources */ = {isa = PBXBuildFile; fileRef = 6D66A79A238BE0030073EDC7 /* Main.storyboard */; };
		6D66A79E238BE0050073EDC7 /* Assets.xcassets in Resources */ = {isa = PBXBuildFile; fileRef = 6D66A79D238BE0050073EDC7 /* Assets.xcassets */; };
		6D66A7A1238BE0050073EDC7 /* LaunchScreen.storyboard in Resources */ = {isa = PBXBuildFile; fileRef = 6D66A79F238BE0050073EDC7 /* LaunchScreen.storyboard */; };
		6D66A7A9238C01F70073EDC7 /* RatingView.swift in Sources */ = {isa = PBXBuildFile; fileRef = 6D66A7A8238C01F70073EDC7 /* RatingView.swift */; };
/* End PBXBuildFile section */

/* Begin PBXFileReference section */
		6D66A78F238BE0030073EDC7 /* Lec12Part2.app */ = {isa = PBXFileReference; explicitFileType = wrapper.application; includeInIndex = 0; path = Lec12Part2.app; sourceTree = BUILT_PRODUCTS_DIR; };
		6D66A792238BE0030073EDC7 /* AppDelegate.swift */ = {isa = PBXFileReference; lastKnownFileType = sourcecode.swift; path = AppDelegate.swift; sourceTree = "<group>"; };
		6D66A794238BE0030073EDC7 /* SceneDelegate.swift */ = {isa = PBXFileReference; lastKnownFileType = sourcecode.swift; path = SceneDelegate.swift; sourceTree = "<group>"; };
		6D66A796238BE0030073EDC7 /* FirstViewController.swift */ = {isa = PBXFileReference; lastKnownFileType = sourcecode.swift; path = FirstViewController.swift; sourceTree = "<group>"; };
		6D66A798238BE0030073EDC7 /* SecondViewController.swift */ = {isa = PBXFileReference; lastKnownFileType = sourcecode.swift; path = SecondViewController.swift; sourceTree = "<group>"; };
		6D66A79B238BE0030073EDC7 /* Base */ = {isa = PBXFileReference; lastKnownFileType = file.storyboard; name = Base; path = Base.lproj/Main.storyboard; sourceTree = "<group>"; };
		6D66A79D238BE0050073EDC7 /* Assets.xcassets */ = {isa = PBXFileReference; lastKnownFileType = folder.assetcatalog; path = Assets.xcassets; sourceTree = "<group>"; };
		6D66A7A0238BE0050073EDC7 /* Base */ = {isa = PBXFileReference; lastKnownFileType = file.storyboard; name = Base; path = Base.lproj/LaunchScreen.storyboard; sourceTree = "<group>"; };
		6D66A7A2238BE0050073EDC7 /* Info.plist */ = {isa = PBXFileReference; lastKnownFileType = text.plist.xml; path = Info.plist; sourceTree = "<group>"; };
		6D66A7A8238C01F70073EDC7 /* RatingView.swift */ = {isa = PBXFileReference; lastKnownFileType = sourcecode.swift; path = RatingView.swift; sourceTree = "<group>"; };
/* End PBXFileReference section */

/* Begin PBXFrameworksBuildPhase section */
		6D66A78C238BE0030073EDC7 /* Frameworks */ = {
			isa = PBXFrameworksBuildPhase;
			buildActionMask = 2147483647;
			files = (
			);
			runOnlyForDeploymentPostprocessing = 0;
		};
/* End PBXFrameworksBuildPhase section */

/* Begin PBXGroup section */
		6D66A786238BE0030073EDC7 = {
			isa = PBXGroup;
			children = (
				6D66A791238BE0030073EDC7 /* Lec12Part2 */,
				6D66A790238BE0030073EDC7 /* Products */,
			);
			sourceTree = "<group>";
		};
		6D66A790238BE0030073EDC7 /* Products */ = {
			isa = PBXGroup;
			children = (
				6D66A78F238BE0030073EDC7 /* Lec12Part2.app */,
			);
			name = Products;
			sourceTree = "<group>";
		};
		6D66A791238BE0030073EDC7 /* Lec12Part2 */ = {
			isa = PBXGroup;
			children = (
				6D66A792238BE0030073EDC7 /* AppDelegate.swift */,
				6D66A794238BE0030073EDC7 /* SceneDelegate.swift */,
				6D66A796238BE0030073EDC7 /* FirstViewController.swift */,
				6D66A798238BE0030073EDC7 /* SecondViewController.swift */,
				6D66A79A238BE0030073EDC7 /* Main.storyboard */,
				6D66A79D238BE0050073EDC7 /* Assets.xcassets */,
				6D66A79F238BE0050073EDC7 /* LaunchScreen.storyboard */,
				6D66A7A2238BE0050073EDC7 /* Info.plist */,
				6D66A7A8238C01F70073EDC7 /* RatingView.swift */,
			);
			path = Lec12Part2;
			sourceTree = "<group>";
		};
/* End PBXGroup section */

/* Begin PBXNativeTarget section */
		6D66A78E238BE0030073EDC7 /* Lec12Part2 */ = {
			isa = PBXNativeTarget;
			buildConfigurationList = 6D66A7A5238BE0050073EDC7 /* Build configuration list for PBXNativeTarget "Lec12Part2" */;
			buildPhases = (
				6D66A78B238BE0030073EDC7 /* Sources */,
				6D66A78C238BE0030073EDC7 /* Frameworks */,
				6D66A78D238BE0030073EDC7 /* Resources */,
			);
			buildRules = (
			);
			dependencies = (
			);
			name = Lec12Part2;
			productName = Lec12Part2;
			productReference = 6D66A78F238BE0030073EDC7 /* Lec12Part2.app */;
			productType = "com.apple.product-type.application";
		};
/* End PBXNativeTarget section */

/* Begin PBXProject section */
		6D66A787238BE0030073EDC7 /* Project object */ = {
			isa = PBXProject;
			attributes = {
				LastSwiftUpdateCheck = 1120;
				LastUpgradeCheck = 1120;
				ORGANIZATIONNAME = HACKERU;
				TargetAttributes = {
					6D66A78E238BE0030073EDC7 = {
						CreatedOnToolsVersion = 11.2.1;
					};
				};
			};
			buildConfigurationList = 6D66A78A238BE0030073EDC7 /* Build configuration list for PBXProject "Lec12Part2" */;
			compatibilityVersion = "Xcode 9.3";
			developmentRegion = en;
			hasScannedForEncodings = 0;
			knownRegions = (
				en,
				Base,
			);
			mainGroup = 6D66A786238BE0030073EDC7;
			productRefGroup = 6D66A790238BE0030073EDC7 /* Products */;
			projectDirPath = "";
			projectRoot = "";
			targets = (
				6D66A78E238BE0030073EDC7 /* Lec12Part2 */,
			);
		};
/* End PBXProject section */

/* Begin PBXResourcesBuildPhase section */
		6D66A78D238BE0030073EDC7 /* Resources */ = {
			isa = PBXResourcesBuildPhase;
			buildActionMask = 2147483647;
			files = (
				6D66A7A1238BE0050073EDC7 /* LaunchScreen.storyboard in Resources */,
				6D66A79E238BE0050073EDC7 /* Assets.xcassets in Resources */,
				6D66A79C238BE0030073EDC7 /* Main.storyboard in Resources */,
			);
			runOnlyForDeploymentPostprocessing = 0;
		};
/* End PBXResourcesBuildPhase section */

/* Begin PBXSourcesBuildPhase section */
		6D66A78B238BE0030073EDC7 /* Sources */ = {
			isa = PBXSourcesBuildPhase;
			buildActionMask = 2147483647;
			files = (
				6D66A799238BE0030073EDC7 /* SecondViewController.swift in Sources */,
				6D66A797238BE0030073EDC7 /* FirstViewController.swift in Sources */,
				6D66A793238BE0030073EDC7 /* AppDelegate.swift in Sources */,
				6D66A7A9238C01F70073EDC7 /* RatingView.swift in Sources */,
				6D66A795238BE0030073EDC7 /* SceneDelegate.swift in Sources */,
			);
			runOnlyForDeploymentPostprocessing = 0;
		};
/* End PBXSourcesBuildPhase section */

/* Begin PBXVariantGroup section */
		6D66A79A238BE0030073EDC7 /* Main.storyboard */ = {
			isa = PBXVariantGroup;
			children = (
				6D66A79B238BE0030073EDC7 /* Base */,
			);
			name = Main.storyboard;
			sourceTree = "<group>";
		};
		6D66A79F238BE0050073EDC7 /* LaunchScreen.storyboard */ = {
			isa = PBXVariantGroup;
			children = (
				6D66A7A0238BE0050073EDC7 /* Base */,
			);
			name = LaunchScreen.storyboard;
			sourceTree = "<group>";
		};
/* End PBXVariantGroup section */

/* Begin XCBuildConfiguration section */
		6D66A7A3238BE0050073EDC7 /* Debug */ = {
			isa = XCBuildConfiguration;
			buildSettings = {
				ALWAYS_SEARCH_USER_PATHS = NO;
				CLANG_ANALYZER_NONNULL = YES;
				CLANG_ANALYZER_NUMBER_OBJECT_CONVERSION = YES_AGGRESSIVE;
				CLANG_CXX_LANGUAGE_STANDARD = "gnu++14";
				CLANG_CXX_LIBRARY = "libc++";
				CLANG_ENABLE_MODULES = YES;
				CLANG_ENABLE_OBJC_ARC = YES;
				CLANG_ENABLE_OBJC_WEAK = YES;
				CLANG_WARN_BLOCK_CAPTURE_AUTORELEASING = YES;
				CLANG_WARN_BOOL_CONVERSION = YES;
				CLANG_WARN_COMMA = YES;
				CLANG_WARN_CONSTANT_CONVERSION = YES;
				CLANG_WARN_DEPRECATED_OBJC_IMPLEMENTATIONS = YES;
				CLANG_WARN_DIRECT_OBJC_ISA_USAGE = YES_ERROR;
				CLANG_WARN_DOCUMENTATION_COMMENTS = YES;
				CLANG_WARN_EMPTY_BODY = YES;
				CLANG_WARN_ENUM_CONVERSION = YES;
				CLANG_WARN_INFINITE_RECURSION = YES;
				CLANG_WARN_INT_CONVERSION = YES;
				CLANG_WARN_NON_LITERAL_NULL_CONVERSION = YES;
				CLANG_WARN_OBJC_IMPLICIT_RETAIN_SELF = YES;
				CLANG_WARN_OBJC_LITERAL_CONVERSION = YES;
				CLANG_WARN_OBJC_ROOT_CLASS = YES_ERROR;
				CLANG_WARN_RANGE_LOOP_ANALYSIS = YES;
				CLANG_WARN_STRICT_PROTOTYPES = YES;
				CLANG_WARN_SUSPICIOUS_MOVE = YES;
				CLANG_WARN_UNGUARDED_AVAILABILITY = YES_AGGRESSIVE;
				CLANG_WARN_UNREACHABLE_CODE = YES;
				CLANG_WARN__DUPLICATE_METHOD_MATCH = YES;
				COPY_PHASE_STRIP = NO;
				DEBUG_INFORMATION_FORMAT = dwarf;
				ENABLE_STRICT_OBJC_MSGSEND = YES;
				ENABLE_TESTABILITY = YES;
				GCC_C_LANGUAGE_STANDARD = gnu11;
				GCC_DYNAMIC_NO_PIC = NO;
				GCC_NO_COMMON_BLOCKS = YES;
				GCC_OPTIMIZATION_LEVEL = 0;
				GCC_PREPROCESSOR_DEFINITIONS = (
					"DEBUG=1",
					"$(inherited)",
				);
				GCC_WARN_64_TO_32_BIT_CONVERSION = YES;
				GCC_WARN_ABOUT_RETURN_TYPE = YES_ERROR;
				GCC_WARN_UNDECLARED_SELECTOR = YES;
				GCC_WARN_UNINITIALIZED_AUTOS = YES_AGGRESSIVE;
				GCC_WARN_UNUSED_FUNCTION = YES;
				GCC_WARN_UNUSED_VARIABLE = YES;
				IPHONEOS_DEPLOYMENT_TARGET = 13.2;
				MTL_ENABLE_DEBUG_INFO = INCLUDE_SOURCE;
				MTL_FAST_MATH = YES;
				ONLY_ACTIVE_ARCH = YES;
				SDKROOT = iphoneos;
				SWIFT_ACTIVE_COMPILATION_CONDITIONS = DEBUG;
				SWIFT_OPTIMIZATION_LEVEL = "-Onone";
			};
			name = Debug;
		};
		6D66A7A4238BE0050073EDC7 /* Release */ = {
			isa = XCBuildConfiguration;
			buildSettings = {
				ALWAYS_SEARCH_USER_PATHS = NO;
				CLANG_ANALYZER_NONNULL = YES;
				CLANG_ANALYZER_NUMBER_OBJECT_CONVERSION = YES_AGGRESSIVE;
				CLANG_CXX_LANGUAGE_STANDARD = "gnu++14";
				CLANG_CXX_LIBRARY = "libc++";
				CLANG_ENABLE_MODULES = YES;
				CLANG_ENABLE_OBJC_ARC = YES;
				CLANG_ENABLE_OBJC_WEAK = YES;
				CLANG_WARN_BLOCK_CAPTURE_AUTORELEASING = YES;
				CLANG_WARN_BOOL_CONVERSION = YES;
				CLANG_WARN_COMMA = YES;
				CLANG_WARN_CONSTANT_CONVERSION = YES;
				CLANG_WARN_DEPRECATED_OBJC_IMPLEMENTATIONS = YES;
				CLANG_WARN_DIRECT_OBJC_ISA_USAGE = YES_ERROR;
				CLANG_WARN_DOCUMENTATION_COMMENTS = YES;
				CLANG_WARN_EMPTY_BODY = YES;
				CLANG_WARN_ENUM_CONVERSION = YES;
				CLANG_WARN_INFINITE_RECURSION = YES;
				CLANG_WARN_INT_CONVERSION = YES;
				CLANG_WARN_NON_LITERAL_NULL_CONVERSION = YES;
				CLANG_WARN_OBJC_IMPLICIT_RETAIN_SELF = YES;
				CLANG_WARN_OBJC_LITERAL_CONVERSION = YES;
				CLANG_WARN_OBJC_ROOT_CLASS = YES_ERROR;
				CLANG_WARN_RANGE_LOOP_ANALYSIS = YES;
				CLANG_WARN_STRICT_PROTOTYPES = YES;
				CLANG_WARN_SUSPICIOUS_MOVE = YES;
				CLANG_WARN_UNGUARDED_AVAILABILITY = YES_AGGRESSIVE;
				CLANG_WARN_UNREACHABLE_CODE = YES;
				CLANG_WARN__DUPLICATE_METHOD_MATCH = YES;
				COPY_PHASE_STRIP = NO;
				DEBUG_INFORMATION_FORMAT = "dwarf-with-dsym";
				ENABLE_NS_ASSERTIONS = NO;
				ENABLE_STRICT_OBJC_MSGSEND = YES;
				GCC_C_LANGUAGE_STANDARD = gnu11;
				GCC_NO_COMMON_BLOCKS = YES;
				GCC_WARN_64_TO_32_BIT_CONVERSION = YES;
				GCC_WARN_ABOUT_RETURN_TYPE = YES_ERROR;
				GCC_WARN_UNDECLARED_SELECTOR = YES;
				GCC_WARN_UNINITIALIZED_AUTOS = YES_AGGRESSIVE;
				GCC_WARN_UNUSED_FUNCTION = YES;
				GCC_WARN_UNUSED_VARIABLE = YES;
				IPHONEOS_DEPLOYMENT_TARGET = 13.2;
				MTL_ENABLE_DEBUG_INFO = NO;
				MTL_FAST_MATH = YES;
				SDKROOT = iphoneos;
				SWIFT_COMPILATION_MODE = wholemodule;
				SWIFT_OPTIMIZATION_LEVEL = "-O";
				VALIDATE_PRODUCT = YES;
			};
			name = Release;
		};
		6D66A7A6238BE0050073EDC7 /* Debug */ = {
			isa = XCBuildConfiguration;
			buildSettings = {
				ASSETCATALOG_COMPILER_APPICON_NAME = AppIcon;
				CODE_SIGN_STYLE = Automatic;
				INFOPLIST_FILE = Lec12Part2/Info.plist;
				LD_RUNPATH_SEARCH_PATHS = (
					"$(inherited)",
					"@executable_path/Frameworks",
				);
				PRODUCT_BUNDLE_IDENTIFIER = edu.hackeru.Lec12Part2;
				PRODUCT_NAME = "$(TARGET_NAME)";
				SWIFT_VERSION = 5.0;
				TARGETED_DEVICE_FAMILY = "1,2";
			};
			name = Debug;
		};
		6D66A7A7238BE0050073EDC7 /* Release */ = {
			isa = XCBuildConfiguration;
			buildSettings = {
				ASSETCATALOG_COMPILER_APPICON_NAME = AppIcon;
				CODE_SIGN_STYLE = Automatic;
				INFOPLIST_FILE = Lec12Part2/Info.plist;
				LD_RUNPATH_SEARCH_PATHS = (
					"$(inherited)",
					"@executable_path/Frameworks",
				);
				PRODUCT_BUNDLE_IDENTIFIER = edu.hackeru.Lec12Part2;
				PRODUCT_NAME = "$(TARGET_NAME)";
				SWIFT_VERSION = 5.0;
				TARGETED_DEVICE_FAMILY = "1,2";
			};
			name = Release;
		};
/* End XCBuildConfiguration section */

/* Begin XCConfigurationList section */
		6D66A78A238BE0030073EDC7 /* Build configuration list for PBXProject "Lec12Part2" */ = {
			isa = XCConfigurationList;
			buildConfigurations = (
				6D66A7A3238BE0050073EDC7 /* Debug */,
				6D66A7A4238BE0050073EDC7 /* Release */,
			);
			defaultConfigurationIsVisible = 0;
			defaultConfigurationName = Release;
		};
		6D66A7A5238BE0050073EDC7 /* Build configuration list for PBXNativeTarget "Lec12Part2" */ = {
			isa = XCConfigurationList;
			buildConfigurations = (
				6D66A7A6238BE0050073EDC7 /* Debug */,
				6D66A7A7238BE0050073EDC7 /* Release */,
			);
			defaultConfigurationIsVisible = 0;
			defaultConfigurationName = Release;
		};
/* End XCConfigurationList section */
	};
	rootObject = 6D66A787238BE0030073EDC7 /* Project object */;
}
